=== RUN   TestEndToEndDeploymentScenario
TestEndToEndDeploymentScenario 2023-10-15T18:10:29+03:00 test_structure.go:27: The 'SKIP_setup' environment variable is not set, so executing stage 'setup'.
TestEndToEndDeploymentScenario 2023-10-15T18:10:29+03:00 save_test_data.go:196: Storing test data in ..\.test-data\TerraformOptions.json so it can be reused later
TestEndToEndDeploymentScenario 2023-10-15T18:10:29+03:00 save_test_data.go:200: [WARNING] The named test data at path ..\.test-data\TerraformOptions.json is non-empty. Save operation will overwrite existing value with "&{ ../ map[yc_folder:b1geb6a2k7nj5robi0h6] [] [] false  map[] map[] map[] 0 0s false false false false <nil> false 0 <nil> 0   false}".
.
TestEndToEndDeploymentScenario 2023-10-15T18:10:29+03:00 save_test_data.go:212: Marshalled JSON: {"TerraformBinary":"","TerraformDir":"../","Vars":{"yc_folder":"b1geb6a2k7nj5robi0h6"},"VarFiles":null,"Targets":null,"Lock":false,"LockTimeout":"","EnvVars":null,"BackendConfig":null,"RetryableTerraformErrors":null,"MaxRetries":0,"TimeBetweenRetries":0,"Upgrade":false,"Reconfigure":false,"MigrateState":false,"NoColor":false,"SshAgent":null,"NoStderr":false,"OutputMaxLineSize":0,"Logger":null,"Parallelism":0,"PlanFilePath":"","PluginDir":"","SetVarsAfterVarFiles":false}
TestEndToEndDeploymentScenario 2023-10-15T18:10:29+03:00 retry.go:91: terraform [init -upgrade=false]
TestEndToEndDeploymentScenario 2023-10-15T18:10:29+03:00 logger.go:66: Running command terraform with args [init -upgrade=false]
TestEndToEndDeploymentScenario 2023-10-15T18:10:29+03:00 logger.go:66: 
TestEndToEndDeploymentScenario 2023-10-15T18:10:29+03:00 logger.go:66: [0m[1mInitializing the backend...[0m
TestEndToEndDeploymentScenario 2023-10-15T18:10:29+03:00 logger.go:66: 
TestEndToEndDeploymentScenario 2023-10-15T18:10:29+03:00 logger.go:66: [0m[1mInitializing provider plugins...[0m
TestEndToEndDeploymentScenario 2023-10-15T18:10:29+03:00 logger.go:66: - Reusing previous version of yandex-cloud/yandex from the dependency lock file
TestEndToEndDeploymentScenario 2023-10-15T18:10:30+03:00 logger.go:66: - Using previously-installed yandex-cloud/yandex v0.99.0
TestEndToEndDeploymentScenario 2023-10-15T18:10:30+03:00 logger.go:66: 
TestEndToEndDeploymentScenario 2023-10-15T18:10:30+03:00 logger.go:66: [0m[1m[32mTerraform has been successfully initialized![0m[32m[0m
TestEndToEndDeploymentScenario 2023-10-15T18:10:30+03:00 logger.go:66: [0m[32m
TestEndToEndDeploymentScenario 2023-10-15T18:10:30+03:00 logger.go:66: You may now begin working with Terraform. Try running "terraform plan" to see
TestEndToEndDeploymentScenario 2023-10-15T18:10:30+03:00 logger.go:66: any changes that are required for your infrastructure. All Terraform commands
TestEndToEndDeploymentScenario 2023-10-15T18:10:30+03:00 logger.go:66: should now work.
TestEndToEndDeploymentScenario 2023-10-15T18:10:30+03:00 logger.go:66: 
TestEndToEndDeploymentScenario 2023-10-15T18:10:30+03:00 logger.go:66: If you ever set or change modules or backend configuration for Terraform,
TestEndToEndDeploymentScenario 2023-10-15T18:10:30+03:00 logger.go:66: rerun this command to reinitialize your working directory. If you forget, other
TestEndToEndDeploymentScenario 2023-10-15T18:10:30+03:00 logger.go:66: commands will detect it and remind you to do so if necessary.[0m
TestEndToEndDeploymentScenario 2023-10-15T18:10:30+03:00 retry.go:91: terraform [apply -input=false -auto-approve -var yc_folder=b1geb6a2k7nj5robi0h6 -lock=false]
TestEndToEndDeploymentScenario 2023-10-15T18:10:30+03:00 logger.go:66: Running command terraform with args [apply -input=false -auto-approve -var yc_folder=b1geb6a2k7nj5robi0h6 -lock=false]
TestEndToEndDeploymentScenario 2023-10-15T18:10:31+03:00 logger.go:66: 
TestEndToEndDeploymentScenario 2023-10-15T18:10:31+03:00 logger.go:66: Terraform used the selected providers to generate the following execution
TestEndToEndDeploymentScenario 2023-10-15T18:10:31+03:00 logger.go:66: plan. Resource actions are indicated with the following symbols:
TestEndToEndDeploymentScenario 2023-10-15T18:10:31+03:00 logger.go:66:   [32m+[0m create[0m
TestEndToEndDeploymentScenario 2023-10-15T18:10:31+03:00 logger.go:66: 
TestEndToEndDeploymentScenario 2023-10-15T18:10:31+03:00 logger.go:66: Terraform will perform the following actions:
TestEndToEndDeploymentScenario 2023-10-15T18:10:31+03:00 logger.go:66: 
TestEndToEndDeploymentScenario 2023-10-15T18:10:31+03:00 logger.go:66: [1m  # yandex_compute_instance.wp-app-1[0m will be created
TestEndToEndDeploymentScenario 2023-10-15T18:10:31+03:00 logger.go:66: [0m  [32m+[0m[0m resource "yandex_compute_instance" "wp-app-1" {
TestEndToEndDeploymentScenario 2023-10-15T18:10:31+03:00 logger.go:66:       [32m+[0m[0m created_at                = (known after apply)
TestEndToEndDeploymentScenario 2023-10-15T18:10:31+03:00 logger.go:66:       [32m+[0m[0m folder_id                 = (known after apply)
TestEndToEndDeploymentScenario 2023-10-15T18:10:31+03:00 logger.go:66:       [32m+[0m[0m fqdn                      = (known after apply)
TestEndToEndDeploymentScenario 2023-10-15T18:10:31+03:00 logger.go:66:       [32m+[0m[0m gpu_cluster_id            = (known after apply)
TestEndToEndDeploymentScenario 2023-10-15T18:10:31+03:00 logger.go:66:       [32m+[0m[0m hostname                  = (known after apply)
TestEndToEndDeploymentScenario 2023-10-15T18:10:31+03:00 logger.go:66:       [32m+[0m[0m id                        = (known after apply)
TestEndToEndDeploymentScenario 2023-10-15T18:10:31+03:00 logger.go:66:       [32m+[0m[0m metadata                  = {
TestEndToEndDeploymentScenario 2023-10-15T18:10:31+03:00 logger.go:66:           [32m+[0m[0m "ssh-keys" = <<-EOT
TestEndToEndDeploymentScenario 2023-10-15T18:10:31+03:00 logger.go:66:                 ubuntu:ssh-ed25519 AAAAC3NzaC1lZDI1NTE5AAAAIMBiAz9FAATWkTVaMT21brLtRBovUkOcQYqZoDkMHBJu nulls@DESKTOP-PRLLF42
TestEndToEndDeploymentScenario 2023-10-15T18:10:31+03:00 logger.go:66:             EOT
TestEndToEndDeploymentScenario 2023-10-15T18:10:31+03:00 logger.go:66:         }
TestEndToEndDeploymentScenario 2023-10-15T18:10:31+03:00 logger.go:66:       [32m+[0m[0m name                      = "wp-app-1"
TestEndToEndDeploymentScenario 2023-10-15T18:10:31+03:00 logger.go:66:       [32m+[0m[0m network_acceleration_type = "standard"
TestEndToEndDeploymentScenario 2023-10-15T18:10:31+03:00 logger.go:66:       [32m+[0m[0m platform_id               = "standard-v1"
TestEndToEndDeploymentScenario 2023-10-15T18:10:31+03:00 logger.go:66:       [32m+[0m[0m service_account_id        = (known after apply)
TestEndToEndDeploymentScenario 2023-10-15T18:10:31+03:00 logger.go:66:       [32m+[0m[0m status                    = (known after apply)
TestEndToEndDeploymentScenario 2023-10-15T18:10:31+03:00 logger.go:66:       [32m+[0m[0m zone                      = "ru-central1-a"
TestEndToEndDeploymentScenario 2023-10-15T18:10:31+03:00 logger.go:66: 
TestEndToEndDeploymentScenario 2023-10-15T18:10:31+03:00 logger.go:66:       [32m+[0m[0m boot_disk {
TestEndToEndDeploymentScenario 2023-10-15T18:10:31+03:00 logger.go:66:           [32m+[0m[0m auto_delete = true
TestEndToEndDeploymentScenario 2023-10-15T18:10:31+03:00 logger.go:66:           [32m+[0m[0m device_name = (known after apply)
TestEndToEndDeploymentScenario 2023-10-15T18:10:31+03:00 logger.go:66:           [32m+[0m[0m disk_id     = (known after apply)
TestEndToEndDeploymentScenario 2023-10-15T18:10:31+03:00 logger.go:66:           [32m+[0m[0m mode        = (known after apply)
TestEndToEndDeploymentScenario 2023-10-15T18:10:31+03:00 logger.go:66: 
TestEndToEndDeploymentScenario 2023-10-15T18:10:31+03:00 logger.go:66:           [32m+[0m[0m initialize_params {
TestEndToEndDeploymentScenario 2023-10-15T18:10:31+03:00 logger.go:66:               [32m+[0m[0m block_size  = (known after apply)
TestEndToEndDeploymentScenario 2023-10-15T18:10:31+03:00 logger.go:66:               [32m+[0m[0m description = (known after apply)
TestEndToEndDeploymentScenario 2023-10-15T18:10:31+03:00 logger.go:66:               [32m+[0m[0m image_id    = "fd80viupr3qjr5g6g9du"
TestEndToEndDeploymentScenario 2023-10-15T18:10:31+03:00 logger.go:66:               [32m+[0m[0m name        = (known after apply)
TestEndToEndDeploymentScenario 2023-10-15T18:10:31+03:00 logger.go:66:               [32m+[0m[0m size        = (known after apply)
TestEndToEndDeploymentScenario 2023-10-15T18:10:31+03:00 logger.go:66:               [32m+[0m[0m snapshot_id = (known after apply)
TestEndToEndDeploymentScenario 2023-10-15T18:10:31+03:00 logger.go:66:               [32m+[0m[0m type        = "network-hdd"
TestEndToEndDeploymentScenario 2023-10-15T18:10:31+03:00 logger.go:66:             }
TestEndToEndDeploymentScenario 2023-10-15T18:10:31+03:00 logger.go:66:         }
TestEndToEndDeploymentScenario 2023-10-15T18:10:31+03:00 logger.go:66: 
TestEndToEndDeploymentScenario 2023-10-15T18:10:31+03:00 logger.go:66:       [32m+[0m[0m network_interface {
TestEndToEndDeploymentScenario 2023-10-15T18:10:31+03:00 logger.go:66:           [32m+[0m[0m index              = (known after apply)
TestEndToEndDeploymentScenario 2023-10-15T18:10:31+03:00 logger.go:66:           [32m+[0m[0m ip_address         = (known after apply)
TestEndToEndDeploymentScenario 2023-10-15T18:10:31+03:00 logger.go:66:           [32m+[0m[0m ipv4               = true
TestEndToEndDeploymentScenario 2023-10-15T18:10:31+03:00 logger.go:66:           [32m+[0m[0m ipv6               = (known after apply)
TestEndToEndDeploymentScenario 2023-10-15T18:10:31+03:00 logger.go:66:           [32m+[0m[0m ipv6_address       = (known after apply)
TestEndToEndDeploymentScenario 2023-10-15T18:10:31+03:00 logger.go:66:           [32m+[0m[0m mac_address        = (known after apply)
TestEndToEndDeploymentScenario 2023-10-15T18:10:31+03:00 logger.go:66:           [32m+[0m[0m nat                = true
TestEndToEndDeploymentScenario 2023-10-15T18:10:31+03:00 logger.go:66:           [32m+[0m[0m nat_ip_address     = (known after apply)
TestEndToEndDeploymentScenario 2023-10-15T18:10:31+03:00 logger.go:66:           [32m+[0m[0m nat_ip_version     = (known after apply)
TestEndToEndDeploymentScenario 2023-10-15T18:10:31+03:00 logger.go:66:           [32m+[0m[0m security_group_ids = (known after apply)
TestEndToEndDeploymentScenario 2023-10-15T18:10:31+03:00 logger.go:66:           [32m+[0m[0m subnet_id          = (known after apply)
TestEndToEndDeploymentScenario 2023-10-15T18:10:31+03:00 logger.go:66:         }
TestEndToEndDeploymentScenario 2023-10-15T18:10:31+03:00 logger.go:66: 
TestEndToEndDeploymentScenario 2023-10-15T18:10:31+03:00 logger.go:66:       [32m+[0m[0m resources {
TestEndToEndDeploymentScenario 2023-10-15T18:10:31+03:00 logger.go:66:           [32m+[0m[0m core_fraction = 100
TestEndToEndDeploymentScenario 2023-10-15T18:10:31+03:00 logger.go:66:           [32m+[0m[0m cores         = 2
TestEndToEndDeploymentScenario 2023-10-15T18:10:31+03:00 logger.go:66:           [32m+[0m[0m memory        = 2
TestEndToEndDeploymentScenario 2023-10-15T18:10:31+03:00 logger.go:66:         }
TestEndToEndDeploymentScenario 2023-10-15T18:10:31+03:00 logger.go:66:     }
TestEndToEndDeploymentScenario 2023-10-15T18:10:31+03:00 logger.go:66: 
TestEndToEndDeploymentScenario 2023-10-15T18:10:31+03:00 logger.go:66: [1m  # yandex_compute_instance.wp-app-2[0m will be created
TestEndToEndDeploymentScenario 2023-10-15T18:10:31+03:00 logger.go:66: [0m  [32m+[0m[0m resource "yandex_compute_instance" "wp-app-2" {
TestEndToEndDeploymentScenario 2023-10-15T18:10:31+03:00 logger.go:66:       [32m+[0m[0m created_at                = (known after apply)
TestEndToEndDeploymentScenario 2023-10-15T18:10:31+03:00 logger.go:66:       [32m+[0m[0m folder_id                 = (known after apply)
TestEndToEndDeploymentScenario 2023-10-15T18:10:31+03:00 logger.go:66:       [32m+[0m[0m fqdn                      = (known after apply)
TestEndToEndDeploymentScenario 2023-10-15T18:10:31+03:00 logger.go:66:       [32m+[0m[0m gpu_cluster_id            = (known after apply)
TestEndToEndDeploymentScenario 2023-10-15T18:10:31+03:00 logger.go:66:       [32m+[0m[0m hostname                  = (known after apply)
TestEndToEndDeploymentScenario 2023-10-15T18:10:31+03:00 logger.go:66:       [32m+[0m[0m id                        = (known after apply)
TestEndToEndDeploymentScenario 2023-10-15T18:10:31+03:00 logger.go:66:       [32m+[0m[0m metadata                  = {
TestEndToEndDeploymentScenario 2023-10-15T18:10:31+03:00 logger.go:66:           [32m+[0m[0m "ssh-keys" = <<-EOT
TestEndToEndDeploymentScenario 2023-10-15T18:10:31+03:00 logger.go:66:                 ubuntu:ssh-ed25519 AAAAC3NzaC1lZDI1NTE5AAAAIMBiAz9FAATWkTVaMT21brLtRBovUkOcQYqZoDkMHBJu nulls@DESKTOP-PRLLF42
TestEndToEndDeploymentScenario 2023-10-15T18:10:31+03:00 logger.go:66:             EOT
TestEndToEndDeploymentScenario 2023-10-15T18:10:31+03:00 logger.go:66:         }
TestEndToEndDeploymentScenario 2023-10-15T18:10:31+03:00 logger.go:66:       [32m+[0m[0m name                      = "wp-app-2"
TestEndToEndDeploymentScenario 2023-10-15T18:10:31+03:00 logger.go:66:       [32m+[0m[0m network_acceleration_type = "standard"
TestEndToEndDeploymentScenario 2023-10-15T18:10:31+03:00 logger.go:66:       [32m+[0m[0m platform_id               = "standard-v1"
TestEndToEndDeploymentScenario 2023-10-15T18:10:31+03:00 logger.go:66:       [32m+[0m[0m service_account_id        = (known after apply)
TestEndToEndDeploymentScenario 2023-10-15T18:10:31+03:00 logger.go:66:       [32m+[0m[0m status                    = (known after apply)
TestEndToEndDeploymentScenario 2023-10-15T18:10:31+03:00 logger.go:66:       [32m+[0m[0m zone                      = "ru-central1-b"
TestEndToEndDeploymentScenario 2023-10-15T18:10:31+03:00 logger.go:66: 
TestEndToEndDeploymentScenario 2023-10-15T18:10:31+03:00 logger.go:66:       [32m+[0m[0m boot_disk {
TestEndToEndDeploymentScenario 2023-10-15T18:10:31+03:00 logger.go:66:           [32m+[0m[0m auto_delete = true
TestEndToEndDeploymentScenario 2023-10-15T18:10:31+03:00 logger.go:66:           [32m+[0m[0m device_name = (known after apply)
TestEndToEndDeploymentScenario 2023-10-15T18:10:31+03:00 logger.go:66:           [32m+[0m[0m disk_id     = (known after apply)
TestEndToEndDeploymentScenario 2023-10-15T18:10:31+03:00 logger.go:66:           [32m+[0m[0m mode        = (known after apply)
TestEndToEndDeploymentScenario 2023-10-15T18:10:31+03:00 logger.go:66: 
TestEndToEndDeploymentScenario 2023-10-15T18:10:31+03:00 logger.go:66:           [32m+[0m[0m initialize_params {
TestEndToEndDeploymentScenario 2023-10-15T18:10:31+03:00 logger.go:66:               [32m+[0m[0m block_size  = (known after apply)
TestEndToEndDeploymentScenario 2023-10-15T18:10:31+03:00 logger.go:66:               [32m+[0m[0m description = (known after apply)
TestEndToEndDeploymentScenario 2023-10-15T18:10:31+03:00 logger.go:66:               [32m+[0m[0m image_id    = "fd80viupr3qjr5g6g9du"
TestEndToEndDeploymentScenario 2023-10-15T18:10:31+03:00 logger.go:66:               [32m+[0m[0m name        = (known after apply)
TestEndToEndDeploymentScenario 2023-10-15T18:10:31+03:00 logger.go:66:               [32m+[0m[0m size        = (known after apply)
TestEndToEndDeploymentScenario 2023-10-15T18:10:31+03:00 logger.go:66:               [32m+[0m[0m snapshot_id = (known after apply)
TestEndToEndDeploymentScenario 2023-10-15T18:10:31+03:00 logger.go:66:               [32m+[0m[0m type        = "network-hdd"
TestEndToEndDeploymentScenario 2023-10-15T18:10:31+03:00 logger.go:66:             }
TestEndToEndDeploymentScenario 2023-10-15T18:10:31+03:00 logger.go:66:         }
TestEndToEndDeploymentScenario 2023-10-15T18:10:31+03:00 logger.go:66: 
TestEndToEndDeploymentScenario 2023-10-15T18:10:31+03:00 logger.go:66:       [32m+[0m[0m network_interface {
TestEndToEndDeploymentScenario 2023-10-15T18:10:31+03:00 logger.go:66:           [32m+[0m[0m index              = (known after apply)
TestEndToEndDeploymentScenario 2023-10-15T18:10:31+03:00 logger.go:66:           [32m+[0m[0m ip_address         = (known after apply)
TestEndToEndDeploymentScenario 2023-10-15T18:10:31+03:00 logger.go:66:           [32m+[0m[0m ipv4               = true
TestEndToEndDeploymentScenario 2023-10-15T18:10:31+03:00 logger.go:66:           [32m+[0m[0m ipv6               = (known after apply)
TestEndToEndDeploymentScenario 2023-10-15T18:10:31+03:00 logger.go:66:           [32m+[0m[0m ipv6_address       = (known after apply)
TestEndToEndDeploymentScenario 2023-10-15T18:10:31+03:00 logger.go:66:           [32m+[0m[0m mac_address        = (known after apply)
TestEndToEndDeploymentScenario 2023-10-15T18:10:31+03:00 logger.go:66:           [32m+[0m[0m nat                = true
TestEndToEndDeploymentScenario 2023-10-15T18:10:31+03:00 logger.go:66:           [32m+[0m[0m nat_ip_address     = (known after apply)
TestEndToEndDeploymentScenario 2023-10-15T18:10:31+03:00 logger.go:66:           [32m+[0m[0m nat_ip_version     = (known after apply)
TestEndToEndDeploymentScenario 2023-10-15T18:10:31+03:00 logger.go:66:           [32m+[0m[0m security_group_ids = (known after apply)
TestEndToEndDeploymentScenario 2023-10-15T18:10:31+03:00 logger.go:66:           [32m+[0m[0m subnet_id          = (known after apply)
TestEndToEndDeploymentScenario 2023-10-15T18:10:31+03:00 logger.go:66:         }
TestEndToEndDeploymentScenario 2023-10-15T18:10:31+03:00 logger.go:66: 
TestEndToEndDeploymentScenario 2023-10-15T18:10:31+03:00 logger.go:66:       [32m+[0m[0m resources {
TestEndToEndDeploymentScenario 2023-10-15T18:10:31+03:00 logger.go:66:           [32m+[0m[0m core_fraction = 100
TestEndToEndDeploymentScenario 2023-10-15T18:10:31+03:00 logger.go:66:           [32m+[0m[0m cores         = 2
TestEndToEndDeploymentScenario 2023-10-15T18:10:31+03:00 logger.go:66:           [32m+[0m[0m memory        = 2
TestEndToEndDeploymentScenario 2023-10-15T18:10:31+03:00 logger.go:66:         }
TestEndToEndDeploymentScenario 2023-10-15T18:10:31+03:00 logger.go:66:     }
TestEndToEndDeploymentScenario 2023-10-15T18:10:31+03:00 logger.go:66: 
TestEndToEndDeploymentScenario 2023-10-15T18:10:31+03:00 logger.go:66: [1m  # yandex_lb_network_load_balancer.wp_lb[0m will be created
TestEndToEndDeploymentScenario 2023-10-15T18:10:31+03:00 logger.go:66: [0m  [32m+[0m[0m resource "yandex_lb_network_load_balancer" "wp_lb" {
TestEndToEndDeploymentScenario 2023-10-15T18:10:31+03:00 logger.go:66:       [32m+[0m[0m created_at          = (known after apply)
TestEndToEndDeploymentScenario 2023-10-15T18:10:31+03:00 logger.go:66:       [32m+[0m[0m deletion_protection = (known after apply)
TestEndToEndDeploymentScenario 2023-10-15T18:10:31+03:00 logger.go:66:       [32m+[0m[0m folder_id           = (known after apply)
TestEndToEndDeploymentScenario 2023-10-15T18:10:31+03:00 logger.go:66:       [32m+[0m[0m id                  = (known after apply)
TestEndToEndDeploymentScenario 2023-10-15T18:10:31+03:00 logger.go:66:       [32m+[0m[0m name                = "wp-network-load-balancer"
TestEndToEndDeploymentScenario 2023-10-15T18:10:31+03:00 logger.go:66:       [32m+[0m[0m region_id           = (known after apply)
TestEndToEndDeploymentScenario 2023-10-15T18:10:31+03:00 logger.go:66:       [32m+[0m[0m type                = "external"
TestEndToEndDeploymentScenario 2023-10-15T18:10:31+03:00 logger.go:66: 
TestEndToEndDeploymentScenario 2023-10-15T18:10:31+03:00 logger.go:66:       [32m+[0m[0m attached_target_group {
TestEndToEndDeploymentScenario 2023-10-15T18:10:31+03:00 logger.go:66:           [32m+[0m[0m target_group_id = (known after apply)
TestEndToEndDeploymentScenario 2023-10-15T18:10:31+03:00 logger.go:66: 
TestEndToEndDeploymentScenario 2023-10-15T18:10:31+03:00 logger.go:66:           [32m+[0m[0m healthcheck {
TestEndToEndDeploymentScenario 2023-10-15T18:10:31+03:00 logger.go:66:               [32m+[0m[0m healthy_threshold   = 2
TestEndToEndDeploymentScenario 2023-10-15T18:10:31+03:00 logger.go:66:               [32m+[0m[0m interval            = 2
TestEndToEndDeploymentScenario 2023-10-15T18:10:31+03:00 logger.go:66:               [32m+[0m[0m name                = "http"
TestEndToEndDeploymentScenario 2023-10-15T18:10:31+03:00 logger.go:66:               [32m+[0m[0m timeout             = 1
TestEndToEndDeploymentScenario 2023-10-15T18:10:31+03:00 logger.go:66:               [32m+[0m[0m unhealthy_threshold = 2
TestEndToEndDeploymentScenario 2023-10-15T18:10:31+03:00 logger.go:66: 
TestEndToEndDeploymentScenario 2023-10-15T18:10:31+03:00 logger.go:66:               [32m+[0m[0m http_options {
TestEndToEndDeploymentScenario 2023-10-15T18:10:31+03:00 logger.go:66:                   [32m+[0m[0m path = "/health"
TestEndToEndDeploymentScenario 2023-10-15T18:10:31+03:00 logger.go:66:                   [32m+[0m[0m port = 80
TestEndToEndDeploymentScenario 2023-10-15T18:10:31+03:00 logger.go:66:                 }
TestEndToEndDeploymentScenario 2023-10-15T18:10:31+03:00 logger.go:66:             }
TestEndToEndDeploymentScenario 2023-10-15T18:10:31+03:00 logger.go:66:         }
TestEndToEndDeploymentScenario 2023-10-15T18:10:31+03:00 logger.go:66: 
TestEndToEndDeploymentScenario 2023-10-15T18:10:31+03:00 logger.go:66:       [32m+[0m[0m listener {
TestEndToEndDeploymentScenario 2023-10-15T18:10:31+03:00 logger.go:66:           [32m+[0m[0m name        = "wp-listener"
TestEndToEndDeploymentScenario 2023-10-15T18:10:31+03:00 logger.go:66:           [32m+[0m[0m port        = 80
TestEndToEndDeploymentScenario 2023-10-15T18:10:31+03:00 logger.go:66:           [32m+[0m[0m protocol    = (known after apply)
TestEndToEndDeploymentScenario 2023-10-15T18:10:31+03:00 logger.go:66:           [32m+[0m[0m target_port = (known after apply)
TestEndToEndDeploymentScenario 2023-10-15T18:10:31+03:00 logger.go:66: 
TestEndToEndDeploymentScenario 2023-10-15T18:10:31+03:00 logger.go:66:           [32m+[0m[0m external_address_spec {
TestEndToEndDeploymentScenario 2023-10-15T18:10:31+03:00 logger.go:66:               [32m+[0m[0m address    = (known after apply)
TestEndToEndDeploymentScenario 2023-10-15T18:10:31+03:00 logger.go:66:               [32m+[0m[0m ip_version = "ipv4"
TestEndToEndDeploymentScenario 2023-10-15T18:10:31+03:00 logger.go:66:             }
TestEndToEndDeploymentScenario 2023-10-15T18:10:31+03:00 logger.go:66:         }
TestEndToEndDeploymentScenario 2023-10-15T18:10:31+03:00 logger.go:66:     }
TestEndToEndDeploymentScenario 2023-10-15T18:10:31+03:00 logger.go:66: 
TestEndToEndDeploymentScenario 2023-10-15T18:10:31+03:00 logger.go:66: [1m  # yandex_lb_target_group.wp_tg[0m will be created
TestEndToEndDeploymentScenario 2023-10-15T18:10:31+03:00 logger.go:66: [0m  [32m+[0m[0m resource "yandex_lb_target_group" "wp_tg" {
TestEndToEndDeploymentScenario 2023-10-15T18:10:31+03:00 logger.go:66:       [32m+[0m[0m created_at = (known after apply)
TestEndToEndDeploymentScenario 2023-10-15T18:10:31+03:00 logger.go:66:       [32m+[0m[0m folder_id  = (known after apply)
TestEndToEndDeploymentScenario 2023-10-15T18:10:31+03:00 logger.go:66:       [32m+[0m[0m id         = (known after apply)
TestEndToEndDeploymentScenario 2023-10-15T18:10:31+03:00 logger.go:66:       [32m+[0m[0m name       = "wp-target-group"
TestEndToEndDeploymentScenario 2023-10-15T18:10:31+03:00 logger.go:66:       [32m+[0m[0m region_id  = (known after apply)
TestEndToEndDeploymentScenario 2023-10-15T18:10:31+03:00 logger.go:66: 
TestEndToEndDeploymentScenario 2023-10-15T18:10:31+03:00 logger.go:66:       [32m+[0m[0m target {
TestEndToEndDeploymentScenario 2023-10-15T18:10:31+03:00 logger.go:66:           [32m+[0m[0m address   = (known after apply)
TestEndToEndDeploymentScenario 2023-10-15T18:10:31+03:00 logger.go:66:           [32m+[0m[0m subnet_id = (known after apply)
TestEndToEndDeploymentScenario 2023-10-15T18:10:31+03:00 logger.go:66:         }
TestEndToEndDeploymentScenario 2023-10-15T18:10:31+03:00 logger.go:66:       [32m+[0m[0m target {
TestEndToEndDeploymentScenario 2023-10-15T18:10:31+03:00 logger.go:66:           [32m+[0m[0m address   = (known after apply)
TestEndToEndDeploymentScenario 2023-10-15T18:10:31+03:00 logger.go:66:           [32m+[0m[0m subnet_id = (known after apply)
TestEndToEndDeploymentScenario 2023-10-15T18:10:31+03:00 logger.go:66:         }
TestEndToEndDeploymentScenario 2023-10-15T18:10:31+03:00 logger.go:66:     }
TestEndToEndDeploymentScenario 2023-10-15T18:10:31+03:00 logger.go:66: 
TestEndToEndDeploymentScenario 2023-10-15T18:10:31+03:00 logger.go:66: [1m  # yandex_mdb_mysql_cluster.wp_mysql[0m will be created
TestEndToEndDeploymentScenario 2023-10-15T18:10:31+03:00 logger.go:66: [0m  [32m+[0m[0m resource "yandex_mdb_mysql_cluster" "wp_mysql" {
TestEndToEndDeploymentScenario 2023-10-15T18:10:31+03:00 logger.go:66:       [32m+[0m[0m allow_regeneration_host   = false
TestEndToEndDeploymentScenario 2023-10-15T18:10:31+03:00 logger.go:66:       [32m+[0m[0m backup_retain_period_days = (known after apply)
TestEndToEndDeploymentScenario 2023-10-15T18:10:31+03:00 logger.go:66:       [32m+[0m[0m created_at                = (known after apply)
TestEndToEndDeploymentScenario 2023-10-15T18:10:31+03:00 logger.go:66:       [32m+[0m[0m deletion_protection       = (known after apply)
TestEndToEndDeploymentScenario 2023-10-15T18:10:31+03:00 logger.go:66:       [32m+[0m[0m environment               = "PRODUCTION"
TestEndToEndDeploymentScenario 2023-10-15T18:10:31+03:00 logger.go:66:       [32m+[0m[0m folder_id                 = "b1geb6a2k7nj5robi0h6"
TestEndToEndDeploymentScenario 2023-10-15T18:10:31+03:00 logger.go:66:       [32m+[0m[0m health                    = (known after apply)
TestEndToEndDeploymentScenario 2023-10-15T18:10:31+03:00 logger.go:66:       [32m+[0m[0m host_group_ids            = (known after apply)
TestEndToEndDeploymentScenario 2023-10-15T18:10:31+03:00 logger.go:66:       [32m+[0m[0m id                        = (known after apply)
TestEndToEndDeploymentScenario 2023-10-15T18:10:31+03:00 logger.go:66:       [32m+[0m[0m mysql_config              = (known after apply)
TestEndToEndDeploymentScenario 2023-10-15T18:10:31+03:00 logger.go:66:       [32m+[0m[0m name                      = "wp-mysql"
TestEndToEndDeploymentScenario 2023-10-15T18:10:31+03:00 logger.go:66:       [32m+[0m[0m network_id                = (known after apply)
TestEndToEndDeploymentScenario 2023-10-15T18:10:31+03:00 logger.go:66:       [32m+[0m[0m status                    = (known after apply)
TestEndToEndDeploymentScenario 2023-10-15T18:10:31+03:00 logger.go:66:       [32m+[0m[0m version                   = "8.0"
TestEndToEndDeploymentScenario 2023-10-15T18:10:31+03:00 logger.go:66: 
TestEndToEndDeploymentScenario 2023-10-15T18:10:31+03:00 logger.go:66:       [32m+[0m[0m database {
TestEndToEndDeploymentScenario 2023-10-15T18:10:31+03:00 logger.go:66:           [32m+[0m[0m name = "db"
TestEndToEndDeploymentScenario 2023-10-15T18:10:31+03:00 logger.go:66:         }
TestEndToEndDeploymentScenario 2023-10-15T18:10:31+03:00 logger.go:66: 
TestEndToEndDeploymentScenario 2023-10-15T18:10:31+03:00 logger.go:66:       [32m+[0m[0m host {
TestEndToEndDeploymentScenario 2023-10-15T18:10:31+03:00 logger.go:66:           [32m+[0m[0m assign_public_ip   = true
TestEndToEndDeploymentScenario 2023-10-15T18:10:31+03:00 logger.go:66:           [32m+[0m[0m fqdn               = (known after apply)
TestEndToEndDeploymentScenario 2023-10-15T18:10:31+03:00 logger.go:66:           [32m+[0m[0m replication_source = (known after apply)
TestEndToEndDeploymentScenario 2023-10-15T18:10:31+03:00 logger.go:66:           [32m+[0m[0m subnet_id          = (known after apply)
TestEndToEndDeploymentScenario 2023-10-15T18:10:31+03:00 logger.go:66:           [32m+[0m[0m zone               = "ru-central1-b"
TestEndToEndDeploymentScenario 2023-10-15T18:10:31+03:00 logger.go:66:         }
TestEndToEndDeploymentScenario 2023-10-15T18:10:31+03:00 logger.go:66:       [32m+[0m[0m host {
TestEndToEndDeploymentScenario 2023-10-15T18:10:31+03:00 logger.go:66:           [32m+[0m[0m assign_public_ip   = true
TestEndToEndDeploymentScenario 2023-10-15T18:10:31+03:00 logger.go:66:           [32m+[0m[0m fqdn               = (known after apply)
TestEndToEndDeploymentScenario 2023-10-15T18:10:31+03:00 logger.go:66:           [32m+[0m[0m replication_source = (known after apply)
TestEndToEndDeploymentScenario 2023-10-15T18:10:31+03:00 logger.go:66:           [32m+[0m[0m subnet_id          = (known after apply)
TestEndToEndDeploymentScenario 2023-10-15T18:10:31+03:00 logger.go:66:           [32m+[0m[0m zone               = "ru-central1-c"
TestEndToEndDeploymentScenario 2023-10-15T18:10:31+03:00 logger.go:66:         }
TestEndToEndDeploymentScenario 2023-10-15T18:10:31+03:00 logger.go:66: 
TestEndToEndDeploymentScenario 2023-10-15T18:10:31+03:00 logger.go:66:       [32m+[0m[0m resources {
TestEndToEndDeploymentScenario 2023-10-15T18:10:31+03:00 logger.go:66:           [32m+[0m[0m disk_size          = 16
TestEndToEndDeploymentScenario 2023-10-15T18:10:31+03:00 logger.go:66:           [32m+[0m[0m disk_type_id       = "network-ssd"
TestEndToEndDeploymentScenario 2023-10-15T18:10:31+03:00 logger.go:66:           [32m+[0m[0m resource_preset_id = "s2.micro"
TestEndToEndDeploymentScenario 2023-10-15T18:10:31+03:00 logger.go:66:         }
TestEndToEndDeploymentScenario 2023-10-15T18:10:31+03:00 logger.go:66: 
TestEndToEndDeploymentScenario 2023-10-15T18:10:31+03:00 logger.go:66:       [32m+[0m[0m user {
TestEndToEndDeploymentScenario 2023-10-15T18:10:31+03:00 logger.go:66:           [32m+[0m[0m authentication_plugin = "MYSQL_NATIVE_PASSWORD"
TestEndToEndDeploymentScenario 2023-10-15T18:10:31+03:00 logger.go:66:           [32m+[0m[0m global_permissions    = (known after apply)
TestEndToEndDeploymentScenario 2023-10-15T18:10:31+03:00 logger.go:66:           [32m+[0m[0m name                  = "user"
TestEndToEndDeploymentScenario 2023-10-15T18:10:31+03:00 logger.go:66:           [32m+[0m[0m password              = (sensitive value)
TestEndToEndDeploymentScenario 2023-10-15T18:10:31+03:00 logger.go:66: 
TestEndToEndDeploymentScenario 2023-10-15T18:10:31+03:00 logger.go:66:           [32m+[0m[0m permission {
TestEndToEndDeploymentScenario 2023-10-15T18:10:31+03:00 logger.go:66:               [32m+[0m[0m database_name = "db"
TestEndToEndDeploymentScenario 2023-10-15T18:10:31+03:00 logger.go:66:               [32m+[0m[0m roles         = [
TestEndToEndDeploymentScenario 2023-10-15T18:10:31+03:00 logger.go:66:                   [32m+[0m[0m "ALL",
TestEndToEndDeploymentScenario 2023-10-15T18:10:31+03:00 logger.go:66:                 ]
TestEndToEndDeploymentScenario 2023-10-15T18:10:31+03:00 logger.go:66:             }
TestEndToEndDeploymentScenario 2023-10-15T18:10:31+03:00 logger.go:66:         }
TestEndToEndDeploymentScenario 2023-10-15T18:10:31+03:00 logger.go:66:     }
TestEndToEndDeploymentScenario 2023-10-15T18:10:31+03:00 logger.go:66: 
TestEndToEndDeploymentScenario 2023-10-15T18:10:31+03:00 logger.go:66: [1m  # yandex_vpc_network.wp-network[0m will be created
TestEndToEndDeploymentScenario 2023-10-15T18:10:31+03:00 logger.go:66: [0m  [32m+[0m[0m resource "yandex_vpc_network" "wp-network" {
TestEndToEndDeploymentScenario 2023-10-15T18:10:31+03:00 logger.go:66:       [32m+[0m[0m created_at                = (known after apply)
TestEndToEndDeploymentScenario 2023-10-15T18:10:31+03:00 logger.go:66:       [32m+[0m[0m default_security_group_id = (known after apply)
TestEndToEndDeploymentScenario 2023-10-15T18:10:31+03:00 logger.go:66:       [32m+[0m[0m folder_id                 = (known after apply)
TestEndToEndDeploymentScenario 2023-10-15T18:10:31+03:00 logger.go:66:       [32m+[0m[0m id                        = (known after apply)
TestEndToEndDeploymentScenario 2023-10-15T18:10:31+03:00 logger.go:66:       [32m+[0m[0m labels                    = (known after apply)
TestEndToEndDeploymentScenario 2023-10-15T18:10:31+03:00 logger.go:66:       [32m+[0m[0m name                      = "wp-network"
TestEndToEndDeploymentScenario 2023-10-15T18:10:31+03:00 logger.go:66:       [32m+[0m[0m subnet_ids                = (known after apply)
TestEndToEndDeploymentScenario 2023-10-15T18:10:31+03:00 logger.go:66:     }
TestEndToEndDeploymentScenario 2023-10-15T18:10:31+03:00 logger.go:66: 
TestEndToEndDeploymentScenario 2023-10-15T18:10:31+03:00 logger.go:66: [1m  # yandex_vpc_subnet.wp-subnet-a[0m will be created
TestEndToEndDeploymentScenario 2023-10-15T18:10:31+03:00 logger.go:66: [0m  [32m+[0m[0m resource "yandex_vpc_subnet" "wp-subnet-a" {
TestEndToEndDeploymentScenario 2023-10-15T18:10:31+03:00 logger.go:66:       [32m+[0m[0m created_at     = (known after apply)
TestEndToEndDeploymentScenario 2023-10-15T18:10:31+03:00 logger.go:66:       [32m+[0m[0m folder_id      = (known after apply)
TestEndToEndDeploymentScenario 2023-10-15T18:10:31+03:00 logger.go:66:       [32m+[0m[0m id             = (known after apply)
TestEndToEndDeploymentScenario 2023-10-15T18:10:31+03:00 logger.go:66:       [32m+[0m[0m labels         = (known after apply)
TestEndToEndDeploymentScenario 2023-10-15T18:10:31+03:00 logger.go:66:       [32m+[0m[0m name           = "wp-subnet-a"
TestEndToEndDeploymentScenario 2023-10-15T18:10:31+03:00 logger.go:66:       [32m+[0m[0m network_id     = (known after apply)
TestEndToEndDeploymentScenario 2023-10-15T18:10:31+03:00 logger.go:66:       [32m+[0m[0m v4_cidr_blocks = [
TestEndToEndDeploymentScenario 2023-10-15T18:10:31+03:00 logger.go:66:           [32m+[0m[0m "10.2.0.0/16",
TestEndToEndDeploymentScenario 2023-10-15T18:10:31+03:00 logger.go:66:         ]
TestEndToEndDeploymentScenario 2023-10-15T18:10:31+03:00 logger.go:66:       [32m+[0m[0m v6_cidr_blocks = (known after apply)
TestEndToEndDeploymentScenario 2023-10-15T18:10:31+03:00 logger.go:66:       [32m+[0m[0m zone           = "ru-central1-a"
TestEndToEndDeploymentScenario 2023-10-15T18:10:31+03:00 logger.go:66:     }
TestEndToEndDeploymentScenario 2023-10-15T18:10:31+03:00 logger.go:66: 
TestEndToEndDeploymentScenario 2023-10-15T18:10:31+03:00 logger.go:66: [1m  # yandex_vpc_subnet.wp-subnet-b[0m will be created
TestEndToEndDeploymentScenario 2023-10-15T18:10:31+03:00 logger.go:66: [0m  [32m+[0m[0m resource "yandex_vpc_subnet" "wp-subnet-b" {
TestEndToEndDeploymentScenario 2023-10-15T18:10:31+03:00 logger.go:66:       [32m+[0m[0m created_at     = (known after apply)
TestEndToEndDeploymentScenario 2023-10-15T18:10:31+03:00 logger.go:66:       [32m+[0m[0m folder_id      = (known after apply)
TestEndToEndDeploymentScenario 2023-10-15T18:10:31+03:00 logger.go:66:       [32m+[0m[0m id             = (known after apply)
TestEndToEndDeploymentScenario 2023-10-15T18:10:31+03:00 logger.go:66:       [32m+[0m[0m labels         = (known after apply)
TestEndToEndDeploymentScenario 2023-10-15T18:10:31+03:00 logger.go:66:       [32m+[0m[0m name           = "wp-subnet-b"
TestEndToEndDeploymentScenario 2023-10-15T18:10:31+03:00 logger.go:66:       [32m+[0m[0m network_id     = (known after apply)
TestEndToEndDeploymentScenario 2023-10-15T18:10:31+03:00 logger.go:66:       [32m+[0m[0m v4_cidr_blocks = [
TestEndToEndDeploymentScenario 2023-10-15T18:10:31+03:00 logger.go:66:           [32m+[0m[0m "10.3.0.0/16",
TestEndToEndDeploymentScenario 2023-10-15T18:10:31+03:00 logger.go:66:         ]
TestEndToEndDeploymentScenario 2023-10-15T18:10:31+03:00 logger.go:66:       [32m+[0m[0m v6_cidr_blocks = (known after apply)
TestEndToEndDeploymentScenario 2023-10-15T18:10:31+03:00 logger.go:66:       [32m+[0m[0m zone           = "ru-central1-b"
TestEndToEndDeploymentScenario 2023-10-15T18:10:31+03:00 logger.go:66:     }
TestEndToEndDeploymentScenario 2023-10-15T18:10:31+03:00 logger.go:66: 
TestEndToEndDeploymentScenario 2023-10-15T18:10:31+03:00 logger.go:66: [1m  # yandex_vpc_subnet.wp-subnet-c[0m will be created
TestEndToEndDeploymentScenario 2023-10-15T18:10:31+03:00 logger.go:66: [0m  [32m+[0m[0m resource "yandex_vpc_subnet" "wp-subnet-c" {
TestEndToEndDeploymentScenario 2023-10-15T18:10:31+03:00 logger.go:66:       [32m+[0m[0m created_at     = (known after apply)
TestEndToEndDeploymentScenario 2023-10-15T18:10:31+03:00 logger.go:66:       [32m+[0m[0m folder_id      = (known after apply)
TestEndToEndDeploymentScenario 2023-10-15T18:10:31+03:00 logger.go:66:       [32m+[0m[0m id             = (known after apply)
TestEndToEndDeploymentScenario 2023-10-15T18:10:31+03:00 logger.go:66:       [32m+[0m[0m labels         = (known after apply)
TestEndToEndDeploymentScenario 2023-10-15T18:10:31+03:00 logger.go:66:       [32m+[0m[0m name           = "wp-subnet-c"
TestEndToEndDeploymentScenario 2023-10-15T18:10:31+03:00 logger.go:66:       [32m+[0m[0m network_id     = (known after apply)
TestEndToEndDeploymentScenario 2023-10-15T18:10:31+03:00 logger.go:66:       [32m+[0m[0m v4_cidr_blocks = [
TestEndToEndDeploymentScenario 2023-10-15T18:10:31+03:00 logger.go:66:           [32m+[0m[0m "10.4.0.0/16",
TestEndToEndDeploymentScenario 2023-10-15T18:10:31+03:00 logger.go:66:         ]
TestEndToEndDeploymentScenario 2023-10-15T18:10:31+03:00 logger.go:66:       [32m+[0m[0m v6_cidr_blocks = (known after apply)
TestEndToEndDeploymentScenario 2023-10-15T18:10:31+03:00 logger.go:66:       [32m+[0m[0m zone           = "ru-central1-c"
TestEndToEndDeploymentScenario 2023-10-15T18:10:31+03:00 logger.go:66:     }
TestEndToEndDeploymentScenario 2023-10-15T18:10:31+03:00 logger.go:66: 
TestEndToEndDeploymentScenario 2023-10-15T18:10:31+03:00 logger.go:66: [1mPlan:[0m 9 to add, 0 to change, 0 to destroy.
TestEndToEndDeploymentScenario 2023-10-15T18:10:31+03:00 logger.go:66: [0m
TestEndToEndDeploymentScenario 2023-10-15T18:10:31+03:00 logger.go:66: Changes to Outputs:
TestEndToEndDeploymentScenario 2023-10-15T18:10:31+03:00 logger.go:66:   [32m+[0m[0m database_host_fqdn1        = [
TestEndToEndDeploymentScenario 2023-10-15T18:10:31+03:00 logger.go:66:       [32m+[0m[0m (known after apply),
TestEndToEndDeploymentScenario 2023-10-15T18:10:31+03:00 logger.go:66:       [32m+[0m[0m (known after apply),
TestEndToEndDeploymentScenario 2023-10-15T18:10:31+03:00 logger.go:66:     ]
TestEndToEndDeploymentScenario 2023-10-15T18:10:31+03:00 logger.go:66:   [32m+[0m[0m load_balancer_public_ip    = (known after apply)
TestEndToEndDeploymentScenario 2023-10-15T18:10:31+03:00 logger.go:66:   [32m+[0m[0m vm_linux_public_ip_address = (known after apply)
TestEndToEndDeploymentScenario 2023-10-15T18:10:31+03:00 logger.go:66: [0m[1myandex_vpc_network.wp-network: Creating...[0m[0m
TestEndToEndDeploymentScenario 2023-10-15T18:10:33+03:00 logger.go:66: [0m[1myandex_vpc_network.wp-network: Creation complete after 2s [id=enp31st0s9252v5dqgi7][0m
TestEndToEndDeploymentScenario 2023-10-15T18:10:33+03:00 logger.go:66: [0m[1myandex_vpc_subnet.wp-subnet-a: Creating...[0m[0m
TestEndToEndDeploymentScenario 2023-10-15T18:10:33+03:00 logger.go:66: [0m[1myandex_vpc_subnet.wp-subnet-b: Creating...[0m[0m
TestEndToEndDeploymentScenario 2023-10-15T18:10:33+03:00 logger.go:66: [0m[1myandex_vpc_subnet.wp-subnet-c: Creating...[0m[0m
TestEndToEndDeploymentScenario 2023-10-15T18:10:34+03:00 logger.go:66: [0m[1myandex_vpc_subnet.wp-subnet-b: Creation complete after 0s [id=e2lgbg2vtvboqpuk7cmo][0m
TestEndToEndDeploymentScenario 2023-10-15T18:10:34+03:00 logger.go:66: [0m[1myandex_compute_instance.wp-app-2: Creating...[0m[0m
TestEndToEndDeploymentScenario 2023-10-15T18:10:34+03:00 logger.go:66: [0m[1myandex_vpc_subnet.wp-subnet-c: Creation complete after 1s [id=b0ckastcvihhivn3vnsl][0m
TestEndToEndDeploymentScenario 2023-10-15T18:10:34+03:00 logger.go:66: [0m[1myandex_mdb_mysql_cluster.wp_mysql: Creating...[0m[0m
TestEndToEndDeploymentScenario 2023-10-15T18:10:35+03:00 logger.go:66: [0m[1myandex_vpc_subnet.wp-subnet-a: Creation complete after 2s [id=e9bmlc747km0jtr9eo8o][0m
TestEndToEndDeploymentScenario 2023-10-15T18:10:35+03:00 logger.go:66: [0m[1myandex_compute_instance.wp-app-1: Creating...[0m[0m
TestEndToEndDeploymentScenario 2023-10-15T18:10:44+03:00 logger.go:66: [0m[1myandex_compute_instance.wp-app-2: Still creating... [10s elapsed][0m[0m
TestEndToEndDeploymentScenario 2023-10-15T18:10:44+03:00 logger.go:66: [0m[1myandex_mdb_mysql_cluster.wp_mysql: Still creating... [10s elapsed][0m[0m
TestEndToEndDeploymentScenario 2023-10-15T18:10:45+03:00 logger.go:66: [0m[1myandex_compute_instance.wp-app-1: Still creating... [10s elapsed][0m[0m
TestEndToEndDeploymentScenario 2023-10-15T18:10:54+03:00 logger.go:66: [0m[1myandex_compute_instance.wp-app-2: Still creating... [20s elapsed][0m[0m
TestEndToEndDeploymentScenario 2023-10-15T18:10:54+03:00 logger.go:66: [0m[1myandex_mdb_mysql_cluster.wp_mysql: Still creating... [20s elapsed][0m[0m
TestEndToEndDeploymentScenario 2023-10-15T18:10:55+03:00 logger.go:66: [0m[1myandex_compute_instance.wp-app-1: Still creating... [20s elapsed][0m[0m
TestEndToEndDeploymentScenario 2023-10-15T18:11:04+03:00 logger.go:66: [0m[1myandex_compute_instance.wp-app-2: Still creating... [30s elapsed][0m[0m
TestEndToEndDeploymentScenario 2023-10-15T18:11:04+03:00 logger.go:66: [0m[1myandex_mdb_mysql_cluster.wp_mysql: Still creating... [30s elapsed][0m[0m
TestEndToEndDeploymentScenario 2023-10-15T18:11:05+03:00 logger.go:66: [0m[1myandex_compute_instance.wp-app-1: Still creating... [30s elapsed][0m[0m
TestEndToEndDeploymentScenario 2023-10-15T18:11:14+03:00 logger.go:66: [0m[1myandex_compute_instance.wp-app-2: Still creating... [40s elapsed][0m[0m
TestEndToEndDeploymentScenario 2023-10-15T18:11:14+03:00 logger.go:66: [0m[1myandex_mdb_mysql_cluster.wp_mysql: Still creating... [40s elapsed][0m[0m
TestEndToEndDeploymentScenario 2023-10-15T18:11:15+03:00 logger.go:66: [0m[1myandex_compute_instance.wp-app-1: Still creating... [40s elapsed][0m[0m
TestEndToEndDeploymentScenario 2023-10-15T18:11:18+03:00 logger.go:66: [0m[1myandex_compute_instance.wp-app-1: Creation complete after 42s [id=fhm8lfg34b33n1km7rvp][0m
TestEndToEndDeploymentScenario 2023-10-15T18:11:23+03:00 logger.go:66: [0m[1myandex_compute_instance.wp-app-2: Creation complete after 49s [id=epd9vk7e4cpfcnbur46l][0m
TestEndToEndDeploymentScenario 2023-10-15T18:11:23+03:00 logger.go:66: [0m[1myandex_lb_target_group.wp_tg: Creating...[0m[0m
TestEndToEndDeploymentScenario 2023-10-15T18:11:24+03:00 logger.go:66: [0m[1myandex_mdb_mysql_cluster.wp_mysql: Still creating... [50s elapsed][0m[0m
TestEndToEndDeploymentScenario 2023-10-15T18:11:25+03:00 logger.go:66: [0m[1myandex_lb_target_group.wp_tg: Creation complete after 2s [id=enp7oqornf34726mlfhs][0m
TestEndToEndDeploymentScenario 2023-10-15T18:11:25+03:00 logger.go:66: [0m[1myandex_lb_network_load_balancer.wp_lb: Creating...[0m[0m
TestEndToEndDeploymentScenario 2023-10-15T18:11:28+03:00 logger.go:66: [0m[1myandex_lb_network_load_balancer.wp_lb: Creation complete after 3s [id=enpotk8hiaaf6nulb7af][0m
TestEndToEndDeploymentScenario 2023-10-15T18:11:34+03:00 logger.go:66: [0m[1myandex_mdb_mysql_cluster.wp_mysql: Still creating... [1m0s elapsed][0m[0m
TestEndToEndDeploymentScenario 2023-10-15T18:11:44+03:00 logger.go:66: [0m[1myandex_mdb_mysql_cluster.wp_mysql: Still creating... [1m10s elapsed][0m[0m
TestEndToEndDeploymentScenario 2023-10-15T18:11:54+03:00 logger.go:66: [0m[1myandex_mdb_mysql_cluster.wp_mysql: Still creating... [1m20s elapsed][0m[0m
TestEndToEndDeploymentScenario 2023-10-15T18:12:04+03:00 logger.go:66: [0m[1myandex_mdb_mysql_cluster.wp_mysql: Still creating... [1m30s elapsed][0m[0m
TestEndToEndDeploymentScenario 2023-10-15T18:12:14+03:00 logger.go:66: [0m[1myandex_mdb_mysql_cluster.wp_mysql: Still creating... [1m40s elapsed][0m[0m
TestEndToEndDeploymentScenario 2023-10-15T18:12:24+03:00 logger.go:66: [0m[1myandex_mdb_mysql_cluster.wp_mysql: Still creating... [1m50s elapsed][0m[0m
TestEndToEndDeploymentScenario 2023-10-15T18:12:34+03:00 logger.go:66: [0m[1myandex_mdb_mysql_cluster.wp_mysql: Still creating... [2m0s elapsed][0m[0m
TestEndToEndDeploymentScenario 2023-10-15T18:12:44+03:00 logger.go:66: [0m[1myandex_mdb_mysql_cluster.wp_mysql: Still creating... [2m10s elapsed][0m[0m
TestEndToEndDeploymentScenario 2023-10-15T18:12:54+03:00 logger.go:66: [0m[1myandex_mdb_mysql_cluster.wp_mysql: Still creating... [2m20s elapsed][0m[0m
TestEndToEndDeploymentScenario 2023-10-15T18:13:04+03:00 logger.go:66: [0m[1myandex_mdb_mysql_cluster.wp_mysql: Still creating... [2m30s elapsed][0m[0m
TestEndToEndDeploymentScenario 2023-10-15T18:13:14+03:00 logger.go:66: [0m[1myandex_mdb_mysql_cluster.wp_mysql: Still creating... [2m40s elapsed][0m[0m
TestEndToEndDeploymentScenario 2023-10-15T18:13:24+03:00 logger.go:66: [0m[1myandex_mdb_mysql_cluster.wp_mysql: Still creating... [2m50s elapsed][0m[0m
TestEndToEndDeploymentScenario 2023-10-15T18:13:34+03:00 logger.go:66: [0m[1myandex_mdb_mysql_cluster.wp_mysql: Still creating... [3m0s elapsed][0m[0m
TestEndToEndDeploymentScenario 2023-10-15T18:13:44+03:00 logger.go:66: [0m[1myandex_mdb_mysql_cluster.wp_mysql: Still creating... [3m10s elapsed][0m[0m
TestEndToEndDeploymentScenario 2023-10-15T18:13:54+03:00 logger.go:66: [0m[1myandex_mdb_mysql_cluster.wp_mysql: Still creating... [3m20s elapsed][0m[0m
TestEndToEndDeploymentScenario 2023-10-15T18:14:04+03:00 logger.go:66: [0m[1myandex_mdb_mysql_cluster.wp_mysql: Still creating... [3m30s elapsed][0m[0m
TestEndToEndDeploymentScenario 2023-10-15T18:14:14+03:00 logger.go:66: [0m[1myandex_mdb_mysql_cluster.wp_mysql: Still creating... [3m40s elapsed][0m[0m
TestEndToEndDeploymentScenario 2023-10-15T18:14:24+03:00 logger.go:66: [0m[1myandex_mdb_mysql_cluster.wp_mysql: Still creating... [3m50s elapsed][0m[0m
TestEndToEndDeploymentScenario 2023-10-15T18:14:35+03:00 logger.go:66: [0m[1myandex_mdb_mysql_cluster.wp_mysql: Still creating... [4m0s elapsed][0m[0m
TestEndToEndDeploymentScenario 2023-10-15T18:14:45+03:00 logger.go:66: [0m[1myandex_mdb_mysql_cluster.wp_mysql: Still creating... [4m10s elapsed][0m[0m
TestEndToEndDeploymentScenario 2023-10-15T18:14:55+03:00 logger.go:66: [0m[1myandex_mdb_mysql_cluster.wp_mysql: Still creating... [4m20s elapsed][0m[0m
TestEndToEndDeploymentScenario 2023-10-15T18:15:05+03:00 logger.go:66: [0m[1myandex_mdb_mysql_cluster.wp_mysql: Still creating... [4m30s elapsed][0m[0m
TestEndToEndDeploymentScenario 2023-10-15T18:15:15+03:00 logger.go:66: [0m[1myandex_mdb_mysql_cluster.wp_mysql: Still creating... [4m40s elapsed][0m[0m
TestEndToEndDeploymentScenario 2023-10-15T18:15:25+03:00 logger.go:66: [0m[1myandex_mdb_mysql_cluster.wp_mysql: Still creating... [4m50s elapsed][0m[0m
TestEndToEndDeploymentScenario 2023-10-15T18:15:35+03:00 logger.go:66: [0m[1myandex_mdb_mysql_cluster.wp_mysql: Still creating... [5m0s elapsed][0m[0m
TestEndToEndDeploymentScenario 2023-10-15T18:15:45+03:00 logger.go:66: [0m[1myandex_mdb_mysql_cluster.wp_mysql: Still creating... [5m10s elapsed][0m[0m
TestEndToEndDeploymentScenario 2023-10-15T18:15:55+03:00 logger.go:66: [0m[1myandex_mdb_mysql_cluster.wp_mysql: Still creating... [5m20s elapsed][0m[0m
TestEndToEndDeploymentScenario 2023-10-15T18:16:05+03:00 logger.go:66: [0m[1myandex_mdb_mysql_cluster.wp_mysql: Still creating... [5m30s elapsed][0m[0m
TestEndToEndDeploymentScenario 2023-10-15T18:16:15+03:00 logger.go:66: [0m[1myandex_mdb_mysql_cluster.wp_mysql: Still creating... [5m40s elapsed][0m[0m
TestEndToEndDeploymentScenario 2023-10-15T18:16:25+03:00 logger.go:66: [0m[1myandex_mdb_mysql_cluster.wp_mysql: Still creating... [5m50s elapsed][0m[0m
TestEndToEndDeploymentScenario 2023-10-15T18:16:35+03:00 logger.go:66: [0m[1myandex_mdb_mysql_cluster.wp_mysql: Still creating... [6m0s elapsed][0m[0m
TestEndToEndDeploymentScenario 2023-10-15T18:16:45+03:00 logger.go:66: [0m[1myandex_mdb_mysql_cluster.wp_mysql: Still creating... [6m10s elapsed][0m[0m
TestEndToEndDeploymentScenario 2023-10-15T18:16:55+03:00 logger.go:66: [0m[1myandex_mdb_mysql_cluster.wp_mysql: Still creating... [6m20s elapsed][0m[0m
TestEndToEndDeploymentScenario 2023-10-15T18:17:05+03:00 logger.go:66: [0m[1myandex_mdb_mysql_cluster.wp_mysql: Still creating... [6m30s elapsed][0m[0m
TestEndToEndDeploymentScenario 2023-10-15T18:17:15+03:00 logger.go:66: [0m[1myandex_mdb_mysql_cluster.wp_mysql: Still creating... [6m40s elapsed][0m[0m
TestEndToEndDeploymentScenario 2023-10-15T18:17:25+03:00 logger.go:66: [0m[1myandex_mdb_mysql_cluster.wp_mysql: Still creating... [6m50s elapsed][0m[0m
TestEndToEndDeploymentScenario 2023-10-15T18:17:25+03:00 logger.go:66: [0m[1myandex_mdb_mysql_cluster.wp_mysql: Creation complete after 6m50s [id=c9qu43te4bnv1mnnrr98][0m
TestEndToEndDeploymentScenario 2023-10-15T18:17:25+03:00 logger.go:66: [33m╷[0m[0m
TestEndToEndDeploymentScenario 2023-10-15T18:17:25+03:00 logger.go:66: [33m│[0m [0m[1m[33mWarning: [0m[0m[1mArgument is deprecated[0m
TestEndToEndDeploymentScenario 2023-10-15T18:17:25+03:00 logger.go:66: [33m│[0m [0m
TestEndToEndDeploymentScenario 2023-10-15T18:17:25+03:00 logger.go:66: [33m│[0m [0m[0m  with yandex_mdb_mysql_cluster.wp_mysql,
TestEndToEndDeploymentScenario 2023-10-15T18:17:25+03:00 logger.go:66: [33m│[0m [0m  on db.tf line 8, in resource "yandex_mdb_mysql_cluster" "wp_mysql":
TestEndToEndDeploymentScenario 2023-10-15T18:17:25+03:00 logger.go:66: [33m│[0m [0m   8: resource "yandex_mdb_mysql_cluster" "wp_mysql" [4m{[0m[0m
TestEndToEndDeploymentScenario 2023-10-15T18:17:25+03:00 logger.go:66: [33m│[0m [0m
TestEndToEndDeploymentScenario 2023-10-15T18:17:25+03:00 logger.go:66: [33m│[0m [0mto manage databases, please switch to using a separate resource type
TestEndToEndDeploymentScenario 2023-10-15T18:17:25+03:00 logger.go:66: [33m│[0m [0myandex_mdb_mysql_database
TestEndToEndDeploymentScenario 2023-10-15T18:17:25+03:00 logger.go:66: [33m│[0m [0m
TestEndToEndDeploymentScenario 2023-10-15T18:17:25+03:00 logger.go:66: [33m│[0m [0m(and 4 more similar warnings elsewhere)
TestEndToEndDeploymentScenario 2023-10-15T18:17:25+03:00 logger.go:66: [33m╵[0m[0m
TestEndToEndDeploymentScenario 2023-10-15T18:17:25+03:00 logger.go:66: [0m[1m[32m
TestEndToEndDeploymentScenario 2023-10-15T18:17:25+03:00 logger.go:66: Apply complete! Resources: 9 added, 0 changed, 0 destroyed.
TestEndToEndDeploymentScenario 2023-10-15T18:17:25+03:00 logger.go:66: [0m[0m[1m[32m
TestEndToEndDeploymentScenario 2023-10-15T18:17:25+03:00 logger.go:66: Outputs:
TestEndToEndDeploymentScenario 2023-10-15T18:17:25+03:00 logger.go:66: 
TestEndToEndDeploymentScenario 2023-10-15T18:17:25+03:00 logger.go:66: [0mdatabase_host_fqdn1 = tolist([
TestEndToEndDeploymentScenario 2023-10-15T18:17:25+03:00 logger.go:66:   "rc1b-sixkfll2kk12epb6.mdb.yandexcloud.net",
TestEndToEndDeploymentScenario 2023-10-15T18:17:25+03:00 logger.go:66:   "rc1c-p4utfrx1yaitqmma.mdb.yandexcloud.net",
TestEndToEndDeploymentScenario 2023-10-15T18:17:25+03:00 logger.go:66: ])
TestEndToEndDeploymentScenario 2023-10-15T18:17:25+03:00 logger.go:66: load_balancer_public_ip = "62.84.123.149"
TestEndToEndDeploymentScenario 2023-10-15T18:17:25+03:00 logger.go:66: vm_linux_public_ip_address = "158.160.50.5"
TestEndToEndDeploymentScenario 2023-10-15T18:17:25+03:00 test_structure.go:27: The 'SKIP_validate' environment variable is not set, so executing stage 'validate'.
Run some tests...
TestEndToEndDeploymentScenario 2023-10-15T18:17:25+03:00 save_test_data.go:228: Loading test data from ..\.test-data\TerraformOptions.json
TestEndToEndDeploymentScenario 2023-10-15T18:17:25+03:00 retry.go:91: terraform [output -no-color -json load_balancer_public_ip]
TestEndToEndDeploymentScenario 2023-10-15T18:17:25+03:00 logger.go:66: Running command terraform with args [output -no-color -json load_balancer_public_ip]
TestEndToEndDeploymentScenario 2023-10-15T18:17:25+03:00 logger.go:66: "62.84.123.149"
TestEndToEndDeploymentScenario 2023-10-15T18:17:25+03:00 retry.go:91: terraform [output -no-color -json vm_linux_public_ip_address]
TestEndToEndDeploymentScenario 2023-10-15T18:17:25+03:00 logger.go:66: Running command terraform with args [output -no-color -json vm_linux_public_ip_address]
TestEndToEndDeploymentScenario 2023-10-15T18:17:25+03:00 logger.go:66: "158.160.50.5"
TestEndToEndDeploymentScenario 2023-10-15T18:17:27+03:00 retry.go:91: terraform [output -no-color -json database_host_fqdn1]
TestEndToEndDeploymentScenario 2023-10-15T18:17:27+03:00 logger.go:66: Running command terraform with args [output -no-color -json database_host_fqdn1]
TestEndToEndDeploymentScenario 2023-10-15T18:17:27+03:00 logger.go:66: ["rc1b-sixkfll2kk12epb6.mdb.yandexcloud.net","rc1c-p4utfrx1yaitqmma.mdb.yandexcloud.net"]
Connected! rc1b-sixkfll2kk12epb6.mdb.yandexcloud.net
MySql version rc1b-sixkfll2kk12epb6.mdb.yandexcloud.net: 8.0.30-22
Connected! rc1c-p4utfrx1yaitqmma.mdb.yandexcloud.net
MySql version rc1c-p4utfrx1yaitqmma.mdb.yandexcloud.net: 8.0.30-22
TestEndToEndDeploymentScenario 2023-10-15T18:17:27+03:00 test_structure.go:27: The 'SKIP_teardown' environment variable is not set, so executing stage 'teardown'.
TestEndToEndDeploymentScenario 2023-10-15T18:17:27+03:00 save_test_data.go:228: Loading test data from ..\.test-data\TerraformOptions.json
TestEndToEndDeploymentScenario 2023-10-15T18:17:27+03:00 retry.go:91: terraform [destroy -auto-approve -input=false -var yc_folder=b1geb6a2k7nj5robi0h6 -lock=false]
TestEndToEndDeploymentScenario 2023-10-15T18:17:27+03:00 logger.go:66: Running command terraform with args [destroy -auto-approve -input=false -var yc_folder=b1geb6a2k7nj5robi0h6 -lock=false]
TestEndToEndDeploymentScenario 2023-10-15T18:17:28+03:00 logger.go:66: [0m[1myandex_vpc_network.wp-network: Refreshing state... [id=enp31st0s9252v5dqgi7][0m
TestEndToEndDeploymentScenario 2023-10-15T18:17:29+03:00 logger.go:66: [0m[1myandex_vpc_subnet.wp-subnet-c: Refreshing state... [id=b0ckastcvihhivn3vnsl][0m
TestEndToEndDeploymentScenario 2023-10-15T18:17:29+03:00 logger.go:66: [0m[1myandex_vpc_subnet.wp-subnet-b: Refreshing state... [id=e2lgbg2vtvboqpuk7cmo][0m
TestEndToEndDeploymentScenario 2023-10-15T18:17:29+03:00 logger.go:66: [0m[1myandex_vpc_subnet.wp-subnet-a: Refreshing state... [id=e9bmlc747km0jtr9eo8o][0m
TestEndToEndDeploymentScenario 2023-10-15T18:17:29+03:00 logger.go:66: [0m[1myandex_compute_instance.wp-app-2: Refreshing state... [id=epd9vk7e4cpfcnbur46l][0m
TestEndToEndDeploymentScenario 2023-10-15T18:17:29+03:00 logger.go:66: [0m[1myandex_mdb_mysql_cluster.wp_mysql: Refreshing state... [id=c9qu43te4bnv1mnnrr98][0m
TestEndToEndDeploymentScenario 2023-10-15T18:17:29+03:00 logger.go:66: [0m[1myandex_compute_instance.wp-app-1: Refreshing state... [id=fhm8lfg34b33n1km7rvp][0m
TestEndToEndDeploymentScenario 2023-10-15T18:17:29+03:00 logger.go:66: [0m[1myandex_lb_target_group.wp_tg: Refreshing state... [id=enp7oqornf34726mlfhs][0m
TestEndToEndDeploymentScenario 2023-10-15T18:17:29+03:00 logger.go:66: [0m[1myandex_lb_network_load_balancer.wp_lb: Refreshing state... [id=enpotk8hiaaf6nulb7af][0m
TestEndToEndDeploymentScenario 2023-10-15T18:17:29+03:00 logger.go:66: 
TestEndToEndDeploymentScenario 2023-10-15T18:17:29+03:00 logger.go:66: Terraform used the selected providers to generate the following execution
TestEndToEndDeploymentScenario 2023-10-15T18:17:29+03:00 logger.go:66: plan. Resource actions are indicated with the following symbols:
TestEndToEndDeploymentScenario 2023-10-15T18:17:29+03:00 logger.go:66:   [31m-[0m destroy[0m
TestEndToEndDeploymentScenario 2023-10-15T18:17:29+03:00 logger.go:66: 
TestEndToEndDeploymentScenario 2023-10-15T18:17:29+03:00 logger.go:66: Terraform will perform the following actions:
TestEndToEndDeploymentScenario 2023-10-15T18:17:29+03:00 logger.go:66: 
TestEndToEndDeploymentScenario 2023-10-15T18:17:29+03:00 logger.go:66: [1m  # yandex_compute_instance.wp-app-1[0m will be [1m[31mdestroyed[0m
TestEndToEndDeploymentScenario 2023-10-15T18:17:29+03:00 logger.go:66: [0m  [31m-[0m[0m resource "yandex_compute_instance" "wp-app-1" {
TestEndToEndDeploymentScenario 2023-10-15T18:17:29+03:00 logger.go:66:       [31m-[0m[0m created_at                = "2023-10-15T15:10:38Z" [90m-> null[0m[0m
TestEndToEndDeploymentScenario 2023-10-15T18:17:29+03:00 logger.go:66:       [31m-[0m[0m folder_id                 = "b1geb6a2k7nj5robi0h6" [90m-> null[0m[0m
TestEndToEndDeploymentScenario 2023-10-15T18:17:29+03:00 logger.go:66:       [31m-[0m[0m fqdn                      = "fhm8lfg34b33n1km7rvp.auto.internal" [90m-> null[0m[0m
TestEndToEndDeploymentScenario 2023-10-15T18:17:29+03:00 logger.go:66:       [31m-[0m[0m id                        = "fhm8lfg34b33n1km7rvp" [90m-> null[0m[0m
TestEndToEndDeploymentScenario 2023-10-15T18:17:29+03:00 logger.go:66:       [31m-[0m[0m labels                    = {} [90m-> null[0m[0m
TestEndToEndDeploymentScenario 2023-10-15T18:17:29+03:00 logger.go:66:       [31m-[0m[0m metadata                  = {
TestEndToEndDeploymentScenario 2023-10-15T18:17:29+03:00 logger.go:66:           [31m-[0m[0m "ssh-keys" = <<-EOT
TestEndToEndDeploymentScenario 2023-10-15T18:17:29+03:00 logger.go:66:                 ubuntu:ssh-ed25519 AAAAC3NzaC1lZDI1NTE5AAAAIMBiAz9FAATWkTVaMT21brLtRBovUkOcQYqZoDkMHBJu nulls@DESKTOP-PRLLF42
TestEndToEndDeploymentScenario 2023-10-15T18:17:29+03:00 logger.go:66:             EOT
TestEndToEndDeploymentScenario 2023-10-15T18:17:29+03:00 logger.go:66:         } [90m-> null[0m[0m
TestEndToEndDeploymentScenario 2023-10-15T18:17:29+03:00 logger.go:66:       [31m-[0m[0m name                      = "wp-app-1" [90m-> null[0m[0m
TestEndToEndDeploymentScenario 2023-10-15T18:17:29+03:00 logger.go:66:       [31m-[0m[0m network_acceleration_type = "standard" [90m-> null[0m[0m
TestEndToEndDeploymentScenario 2023-10-15T18:17:29+03:00 logger.go:66:       [31m-[0m[0m platform_id               = "standard-v1" [90m-> null[0m[0m
TestEndToEndDeploymentScenario 2023-10-15T18:17:29+03:00 logger.go:66:       [31m-[0m[0m status                    = "running" [90m-> null[0m[0m
TestEndToEndDeploymentScenario 2023-10-15T18:17:29+03:00 logger.go:66:       [31m-[0m[0m zone                      = "ru-central1-a" [90m-> null[0m[0m
TestEndToEndDeploymentScenario 2023-10-15T18:17:29+03:00 logger.go:66: 
TestEndToEndDeploymentScenario 2023-10-15T18:17:29+03:00 logger.go:66:       [31m-[0m[0m boot_disk {
TestEndToEndDeploymentScenario 2023-10-15T18:17:29+03:00 logger.go:66:           [31m-[0m[0m auto_delete = true [90m-> null[0m[0m
TestEndToEndDeploymentScenario 2023-10-15T18:17:29+03:00 logger.go:66:           [31m-[0m[0m device_name = "fhmjchpaf96t0asfaotg" [90m-> null[0m[0m
TestEndToEndDeploymentScenario 2023-10-15T18:17:29+03:00 logger.go:66:           [31m-[0m[0m disk_id     = "fhmjchpaf96t0asfaotg" [90m-> null[0m[0m
TestEndToEndDeploymentScenario 2023-10-15T18:17:29+03:00 logger.go:66:           [31m-[0m[0m mode        = "READ_WRITE" [90m-> null[0m[0m
TestEndToEndDeploymentScenario 2023-10-15T18:17:29+03:00 logger.go:66: 
TestEndToEndDeploymentScenario 2023-10-15T18:17:29+03:00 logger.go:66:           [31m-[0m[0m initialize_params {
TestEndToEndDeploymentScenario 2023-10-15T18:17:29+03:00 logger.go:66:               [31m-[0m[0m block_size = 4096 [90m-> null[0m[0m
TestEndToEndDeploymentScenario 2023-10-15T18:17:29+03:00 logger.go:66:               [31m-[0m[0m image_id   = "fd80viupr3qjr5g6g9du" [90m-> null[0m[0m
TestEndToEndDeploymentScenario 2023-10-15T18:17:29+03:00 logger.go:66:               [31m-[0m[0m size       = 3 [90m-> null[0m[0m
TestEndToEndDeploymentScenario 2023-10-15T18:17:29+03:00 logger.go:66:               [31m-[0m[0m type       = "network-hdd" [90m-> null[0m[0m
TestEndToEndDeploymentScenario 2023-10-15T18:17:29+03:00 logger.go:66:             }
TestEndToEndDeploymentScenario 2023-10-15T18:17:29+03:00 logger.go:66:         }
TestEndToEndDeploymentScenario 2023-10-15T18:17:29+03:00 logger.go:66: 
TestEndToEndDeploymentScenario 2023-10-15T18:17:29+03:00 logger.go:66:       [31m-[0m[0m metadata_options {
TestEndToEndDeploymentScenario 2023-10-15T18:17:29+03:00 logger.go:66:           [31m-[0m[0m aws_v1_http_endpoint = 1 [90m-> null[0m[0m
TestEndToEndDeploymentScenario 2023-10-15T18:17:29+03:00 logger.go:66:           [31m-[0m[0m aws_v1_http_token    = 2 [90m-> null[0m[0m
TestEndToEndDeploymentScenario 2023-10-15T18:17:29+03:00 logger.go:66:           [31m-[0m[0m gce_http_endpoint    = 1 [90m-> null[0m[0m
TestEndToEndDeploymentScenario 2023-10-15T18:17:29+03:00 logger.go:66:           [31m-[0m[0m gce_http_token       = 1 [90m-> null[0m[0m
TestEndToEndDeploymentScenario 2023-10-15T18:17:29+03:00 logger.go:66:         }
TestEndToEndDeploymentScenario 2023-10-15T18:17:29+03:00 logger.go:66: 
TestEndToEndDeploymentScenario 2023-10-15T18:17:29+03:00 logger.go:66:       [31m-[0m[0m network_interface {
TestEndToEndDeploymentScenario 2023-10-15T18:17:29+03:00 logger.go:66:           [31m-[0m[0m index              = 0 [90m-> null[0m[0m
TestEndToEndDeploymentScenario 2023-10-15T18:17:29+03:00 logger.go:66:           [31m-[0m[0m ip_address         = "10.2.0.18" [90m-> null[0m[0m
TestEndToEndDeploymentScenario 2023-10-15T18:17:29+03:00 logger.go:66:           [31m-[0m[0m ipv4               = true [90m-> null[0m[0m
TestEndToEndDeploymentScenario 2023-10-15T18:17:29+03:00 logger.go:66:           [31m-[0m[0m ipv6               = false [90m-> null[0m[0m
TestEndToEndDeploymentScenario 2023-10-15T18:17:29+03:00 logger.go:66:           [31m-[0m[0m mac_address        = "d0:0d:8a:be:03:22" [90m-> null[0m[0m
TestEndToEndDeploymentScenario 2023-10-15T18:17:29+03:00 logger.go:66:           [31m-[0m[0m nat                = true [90m-> null[0m[0m
TestEndToEndDeploymentScenario 2023-10-15T18:17:29+03:00 logger.go:66:           [31m-[0m[0m nat_ip_address     = "158.160.50.5" [90m-> null[0m[0m
TestEndToEndDeploymentScenario 2023-10-15T18:17:29+03:00 logger.go:66:           [31m-[0m[0m nat_ip_version     = "IPV4" [90m-> null[0m[0m
TestEndToEndDeploymentScenario 2023-10-15T18:17:29+03:00 logger.go:66:           [31m-[0m[0m security_group_ids = [] [90m-> null[0m[0m
TestEndToEndDeploymentScenario 2023-10-15T18:17:29+03:00 logger.go:66:           [31m-[0m[0m subnet_id          = "e9bmlc747km0jtr9eo8o" [90m-> null[0m[0m
TestEndToEndDeploymentScenario 2023-10-15T18:17:29+03:00 logger.go:66:         }
TestEndToEndDeploymentScenario 2023-10-15T18:17:29+03:00 logger.go:66: 
TestEndToEndDeploymentScenario 2023-10-15T18:17:29+03:00 logger.go:66:       [31m-[0m[0m placement_policy {
TestEndToEndDeploymentScenario 2023-10-15T18:17:29+03:00 logger.go:66:           [31m-[0m[0m host_affinity_rules = [] [90m-> null[0m[0m
TestEndToEndDeploymentScenario 2023-10-15T18:17:29+03:00 logger.go:66:         }
TestEndToEndDeploymentScenario 2023-10-15T18:17:29+03:00 logger.go:66: 
TestEndToEndDeploymentScenario 2023-10-15T18:17:29+03:00 logger.go:66:       [31m-[0m[0m resources {
TestEndToEndDeploymentScenario 2023-10-15T18:17:29+03:00 logger.go:66:           [31m-[0m[0m core_fraction = 100 [90m-> null[0m[0m
TestEndToEndDeploymentScenario 2023-10-15T18:17:29+03:00 logger.go:66:           [31m-[0m[0m cores         = 2 [90m-> null[0m[0m
TestEndToEndDeploymentScenario 2023-10-15T18:17:29+03:00 logger.go:66:           [31m-[0m[0m gpus          = 0 [90m-> null[0m[0m
TestEndToEndDeploymentScenario 2023-10-15T18:17:29+03:00 logger.go:66:           [31m-[0m[0m memory        = 2 [90m-> null[0m[0m
TestEndToEndDeploymentScenario 2023-10-15T18:17:29+03:00 logger.go:66:         }
TestEndToEndDeploymentScenario 2023-10-15T18:17:29+03:00 logger.go:66: 
TestEndToEndDeploymentScenario 2023-10-15T18:17:29+03:00 logger.go:66:       [31m-[0m[0m scheduling_policy {
TestEndToEndDeploymentScenario 2023-10-15T18:17:29+03:00 logger.go:66:           [31m-[0m[0m preemptible = false [90m-> null[0m[0m
TestEndToEndDeploymentScenario 2023-10-15T18:17:29+03:00 logger.go:66:         }
TestEndToEndDeploymentScenario 2023-10-15T18:17:29+03:00 logger.go:66:     }
TestEndToEndDeploymentScenario 2023-10-15T18:17:29+03:00 logger.go:66: 
TestEndToEndDeploymentScenario 2023-10-15T18:17:29+03:00 logger.go:66: [1m  # yandex_compute_instance.wp-app-2[0m will be [1m[31mdestroyed[0m
TestEndToEndDeploymentScenario 2023-10-15T18:17:29+03:00 logger.go:66: [0m  [31m-[0m[0m resource "yandex_compute_instance" "wp-app-2" {
TestEndToEndDeploymentScenario 2023-10-15T18:17:29+03:00 logger.go:66:       [31m-[0m[0m created_at                = "2023-10-15T15:10:37Z" [90m-> null[0m[0m
TestEndToEndDeploymentScenario 2023-10-15T18:17:29+03:00 logger.go:66:       [31m-[0m[0m folder_id                 = "b1geb6a2k7nj5robi0h6" [90m-> null[0m[0m
TestEndToEndDeploymentScenario 2023-10-15T18:17:29+03:00 logger.go:66:       [31m-[0m[0m fqdn                      = "epd9vk7e4cpfcnbur46l.auto.internal" [90m-> null[0m[0m
TestEndToEndDeploymentScenario 2023-10-15T18:17:29+03:00 logger.go:66:       [31m-[0m[0m id                        = "epd9vk7e4cpfcnbur46l" [90m-> null[0m[0m
TestEndToEndDeploymentScenario 2023-10-15T18:17:29+03:00 logger.go:66:       [31m-[0m[0m labels                    = {} [90m-> null[0m[0m
TestEndToEndDeploymentScenario 2023-10-15T18:17:29+03:00 logger.go:66:       [31m-[0m[0m metadata                  = {
TestEndToEndDeploymentScenario 2023-10-15T18:17:29+03:00 logger.go:66:           [31m-[0m[0m "ssh-keys" = <<-EOT
TestEndToEndDeploymentScenario 2023-10-15T18:17:29+03:00 logger.go:66:                 ubuntu:ssh-ed25519 AAAAC3NzaC1lZDI1NTE5AAAAIMBiAz9FAATWkTVaMT21brLtRBovUkOcQYqZoDkMHBJu nulls@DESKTOP-PRLLF42
TestEndToEndDeploymentScenario 2023-10-15T18:17:29+03:00 logger.go:66:             EOT
TestEndToEndDeploymentScenario 2023-10-15T18:17:29+03:00 logger.go:66:         } [90m-> null[0m[0m
TestEndToEndDeploymentScenario 2023-10-15T18:17:29+03:00 logger.go:66:       [31m-[0m[0m name                      = "wp-app-2" [90m-> null[0m[0m
TestEndToEndDeploymentScenario 2023-10-15T18:17:29+03:00 logger.go:66:       [31m-[0m[0m network_acceleration_type = "standard" [90m-> null[0m[0m
TestEndToEndDeploymentScenario 2023-10-15T18:17:29+03:00 logger.go:66:       [31m-[0m[0m platform_id               = "standard-v1" [90m-> null[0m[0m
TestEndToEndDeploymentScenario 2023-10-15T18:17:29+03:00 logger.go:66:       [31m-[0m[0m status                    = "running" [90m-> null[0m[0m
TestEndToEndDeploymentScenario 2023-10-15T18:17:29+03:00 logger.go:66:       [31m-[0m[0m zone                      = "ru-central1-b" [90m-> null[0m[0m
TestEndToEndDeploymentScenario 2023-10-15T18:17:29+03:00 logger.go:66: 
TestEndToEndDeploymentScenario 2023-10-15T18:17:29+03:00 logger.go:66:       [31m-[0m[0m boot_disk {
TestEndToEndDeploymentScenario 2023-10-15T18:17:29+03:00 logger.go:66:           [31m-[0m[0m auto_delete = true [90m-> null[0m[0m
TestEndToEndDeploymentScenario 2023-10-15T18:17:29+03:00 logger.go:66:           [31m-[0m[0m device_name = "epd8veepd4oc42m7a6ip" [90m-> null[0m[0m
TestEndToEndDeploymentScenario 2023-10-15T18:17:29+03:00 logger.go:66:           [31m-[0m[0m disk_id     = "epd8veepd4oc42m7a6ip" [90m-> null[0m[0m
TestEndToEndDeploymentScenario 2023-10-15T18:17:29+03:00 logger.go:66:           [31m-[0m[0m mode        = "READ_WRITE" [90m-> null[0m[0m
TestEndToEndDeploymentScenario 2023-10-15T18:17:29+03:00 logger.go:66: 
TestEndToEndDeploymentScenario 2023-10-15T18:17:29+03:00 logger.go:66:           [31m-[0m[0m initialize_params {
TestEndToEndDeploymentScenario 2023-10-15T18:17:29+03:00 logger.go:66:               [31m-[0m[0m block_size = 4096 [90m-> null[0m[0m
TestEndToEndDeploymentScenario 2023-10-15T18:17:29+03:00 logger.go:66:               [31m-[0m[0m image_id   = "fd80viupr3qjr5g6g9du" [90m-> null[0m[0m
TestEndToEndDeploymentScenario 2023-10-15T18:17:29+03:00 logger.go:66:               [31m-[0m[0m size       = 3 [90m-> null[0m[0m
TestEndToEndDeploymentScenario 2023-10-15T18:17:29+03:00 logger.go:66:               [31m-[0m[0m type       = "network-hdd" [90m-> null[0m[0m
TestEndToEndDeploymentScenario 2023-10-15T18:17:29+03:00 logger.go:66:             }
TestEndToEndDeploymentScenario 2023-10-15T18:17:29+03:00 logger.go:66:         }
TestEndToEndDeploymentScenario 2023-10-15T18:17:29+03:00 logger.go:66: 
TestEndToEndDeploymentScenario 2023-10-15T18:17:29+03:00 logger.go:66:       [31m-[0m[0m metadata_options {
TestEndToEndDeploymentScenario 2023-10-15T18:17:29+03:00 logger.go:66:           [31m-[0m[0m aws_v1_http_endpoint = 1 [90m-> null[0m[0m
TestEndToEndDeploymentScenario 2023-10-15T18:17:29+03:00 logger.go:66:           [31m-[0m[0m aws_v1_http_token    = 2 [90m-> null[0m[0m
TestEndToEndDeploymentScenario 2023-10-15T18:17:29+03:00 logger.go:66:           [31m-[0m[0m gce_http_endpoint    = 1 [90m-> null[0m[0m
TestEndToEndDeploymentScenario 2023-10-15T18:17:29+03:00 logger.go:66:           [31m-[0m[0m gce_http_token       = 1 [90m-> null[0m[0m
TestEndToEndDeploymentScenario 2023-10-15T18:17:29+03:00 logger.go:66:         }
TestEndToEndDeploymentScenario 2023-10-15T18:17:29+03:00 logger.go:66: 
TestEndToEndDeploymentScenario 2023-10-15T18:17:29+03:00 logger.go:66:       [31m-[0m[0m network_interface {
TestEndToEndDeploymentScenario 2023-10-15T18:17:29+03:00 logger.go:66:           [31m-[0m[0m index              = 0 [90m-> null[0m[0m
TestEndToEndDeploymentScenario 2023-10-15T18:17:29+03:00 logger.go:66:           [31m-[0m[0m ip_address         = "10.3.0.20" [90m-> null[0m[0m
TestEndToEndDeploymentScenario 2023-10-15T18:17:29+03:00 logger.go:66:           [31m-[0m[0m ipv4               = true [90m-> null[0m[0m
TestEndToEndDeploymentScenario 2023-10-15T18:17:29+03:00 logger.go:66:           [31m-[0m[0m ipv6               = false [90m-> null[0m[0m
TestEndToEndDeploymentScenario 2023-10-15T18:17:29+03:00 logger.go:66:           [31m-[0m[0m mac_address        = "d0:0d:9f:d0:ee:23" [90m-> null[0m[0m
TestEndToEndDeploymentScenario 2023-10-15T18:17:29+03:00 logger.go:66:           [31m-[0m[0m nat                = true [90m-> null[0m[0m
TestEndToEndDeploymentScenario 2023-10-15T18:17:29+03:00 logger.go:66:           [31m-[0m[0m nat_ip_address     = "51.250.21.78" [90m-> null[0m[0m
TestEndToEndDeploymentScenario 2023-10-15T18:17:29+03:00 logger.go:66:           [31m-[0m[0m nat_ip_version     = "IPV4" [90m-> null[0m[0m
TestEndToEndDeploymentScenario 2023-10-15T18:17:29+03:00 logger.go:66:           [31m-[0m[0m security_group_ids = [] [90m-> null[0m[0m
TestEndToEndDeploymentScenario 2023-10-15T18:17:29+03:00 logger.go:66:           [31m-[0m[0m subnet_id          = "e2lgbg2vtvboqpuk7cmo" [90m-> null[0m[0m
TestEndToEndDeploymentScenario 2023-10-15T18:17:29+03:00 logger.go:66:         }
TestEndToEndDeploymentScenario 2023-10-15T18:17:29+03:00 logger.go:66: 
TestEndToEndDeploymentScenario 2023-10-15T18:17:29+03:00 logger.go:66:       [31m-[0m[0m placement_policy {
TestEndToEndDeploymentScenario 2023-10-15T18:17:29+03:00 logger.go:66:           [31m-[0m[0m host_affinity_rules = [] [90m-> null[0m[0m
TestEndToEndDeploymentScenario 2023-10-15T18:17:29+03:00 logger.go:66:         }
TestEndToEndDeploymentScenario 2023-10-15T18:17:29+03:00 logger.go:66: 
TestEndToEndDeploymentScenario 2023-10-15T18:17:29+03:00 logger.go:66:       [31m-[0m[0m resources {
TestEndToEndDeploymentScenario 2023-10-15T18:17:29+03:00 logger.go:66:           [31m-[0m[0m core_fraction = 100 [90m-> null[0m[0m
TestEndToEndDeploymentScenario 2023-10-15T18:17:29+03:00 logger.go:66:           [31m-[0m[0m cores         = 2 [90m-> null[0m[0m
TestEndToEndDeploymentScenario 2023-10-15T18:17:29+03:00 logger.go:66:           [31m-[0m[0m gpus          = 0 [90m-> null[0m[0m
TestEndToEndDeploymentScenario 2023-10-15T18:17:29+03:00 logger.go:66:           [31m-[0m[0m memory        = 2 [90m-> null[0m[0m
TestEndToEndDeploymentScenario 2023-10-15T18:17:29+03:00 logger.go:66:         }
TestEndToEndDeploymentScenario 2023-10-15T18:17:29+03:00 logger.go:66: 
TestEndToEndDeploymentScenario 2023-10-15T18:17:29+03:00 logger.go:66:       [31m-[0m[0m scheduling_policy {
TestEndToEndDeploymentScenario 2023-10-15T18:17:29+03:00 logger.go:66:           [31m-[0m[0m preemptible = false [90m-> null[0m[0m
TestEndToEndDeploymentScenario 2023-10-15T18:17:29+03:00 logger.go:66:         }
TestEndToEndDeploymentScenario 2023-10-15T18:17:29+03:00 logger.go:66:     }
TestEndToEndDeploymentScenario 2023-10-15T18:17:29+03:00 logger.go:66: 
TestEndToEndDeploymentScenario 2023-10-15T18:17:29+03:00 logger.go:66: [1m  # yandex_lb_network_load_balancer.wp_lb[0m will be [1m[31mdestroyed[0m
TestEndToEndDeploymentScenario 2023-10-15T18:17:29+03:00 logger.go:66: [0m  [31m-[0m[0m resource "yandex_lb_network_load_balancer" "wp_lb" {
TestEndToEndDeploymentScenario 2023-10-15T18:17:29+03:00 logger.go:66:       [31m-[0m[0m created_at          = "2023-10-15T15:11:27Z" [90m-> null[0m[0m
TestEndToEndDeploymentScenario 2023-10-15T18:17:29+03:00 logger.go:66:       [31m-[0m[0m deletion_protection = false [90m-> null[0m[0m
TestEndToEndDeploymentScenario 2023-10-15T18:17:29+03:00 logger.go:66:       [31m-[0m[0m folder_id           = "b1geb6a2k7nj5robi0h6" [90m-> null[0m[0m
TestEndToEndDeploymentScenario 2023-10-15T18:17:29+03:00 logger.go:66:       [31m-[0m[0m id                  = "enpotk8hiaaf6nulb7af" [90m-> null[0m[0m
TestEndToEndDeploymentScenario 2023-10-15T18:17:29+03:00 logger.go:66:       [31m-[0m[0m labels              = {} [90m-> null[0m[0m
TestEndToEndDeploymentScenario 2023-10-15T18:17:29+03:00 logger.go:66:       [31m-[0m[0m name                = "wp-network-load-balancer" [90m-> null[0m[0m
TestEndToEndDeploymentScenario 2023-10-15T18:17:29+03:00 logger.go:66:       [31m-[0m[0m region_id           = "ru-central1" [90m-> null[0m[0m
TestEndToEndDeploymentScenario 2023-10-15T18:17:29+03:00 logger.go:66:       [31m-[0m[0m type                = "external" [90m-> null[0m[0m
TestEndToEndDeploymentScenario 2023-10-15T18:17:29+03:00 logger.go:66: 
TestEndToEndDeploymentScenario 2023-10-15T18:17:29+03:00 logger.go:66:       [31m-[0m[0m attached_target_group {
TestEndToEndDeploymentScenario 2023-10-15T18:17:29+03:00 logger.go:66:           [31m-[0m[0m target_group_id = "enp7oqornf34726mlfhs" [90m-> null[0m[0m
TestEndToEndDeploymentScenario 2023-10-15T18:17:29+03:00 logger.go:66: 
TestEndToEndDeploymentScenario 2023-10-15T18:17:29+03:00 logger.go:66:           [31m-[0m[0m healthcheck {
TestEndToEndDeploymentScenario 2023-10-15T18:17:29+03:00 logger.go:66:               [31m-[0m[0m healthy_threshold   = 2 [90m-> null[0m[0m
TestEndToEndDeploymentScenario 2023-10-15T18:17:29+03:00 logger.go:66:               [31m-[0m[0m interval            = 2 [90m-> null[0m[0m
TestEndToEndDeploymentScenario 2023-10-15T18:17:29+03:00 logger.go:66:               [31m-[0m[0m name                = "http" [90m-> null[0m[0m
TestEndToEndDeploymentScenario 2023-10-15T18:17:29+03:00 logger.go:66:               [31m-[0m[0m timeout             = 1 [90m-> null[0m[0m
TestEndToEndDeploymentScenario 2023-10-15T18:17:29+03:00 logger.go:66:               [31m-[0m[0m unhealthy_threshold = 2 [90m-> null[0m[0m
TestEndToEndDeploymentScenario 2023-10-15T18:17:29+03:00 logger.go:66: 
TestEndToEndDeploymentScenario 2023-10-15T18:17:29+03:00 logger.go:66:               [31m-[0m[0m http_options {
TestEndToEndDeploymentScenario 2023-10-15T18:17:29+03:00 logger.go:66:                   [31m-[0m[0m path = "/health" [90m-> null[0m[0m
TestEndToEndDeploymentScenario 2023-10-15T18:17:29+03:00 logger.go:66:                   [31m-[0m[0m port = 80 [90m-> null[0m[0m
TestEndToEndDeploymentScenario 2023-10-15T18:17:29+03:00 logger.go:66:                 }
TestEndToEndDeploymentScenario 2023-10-15T18:17:29+03:00 logger.go:66:             }
TestEndToEndDeploymentScenario 2023-10-15T18:17:29+03:00 logger.go:66:         }
TestEndToEndDeploymentScenario 2023-10-15T18:17:29+03:00 logger.go:66: 
TestEndToEndDeploymentScenario 2023-10-15T18:17:29+03:00 logger.go:66:       [31m-[0m[0m listener {
TestEndToEndDeploymentScenario 2023-10-15T18:17:29+03:00 logger.go:66:           [31m-[0m[0m name        = "wp-listener" [90m-> null[0m[0m
TestEndToEndDeploymentScenario 2023-10-15T18:17:29+03:00 logger.go:66:           [31m-[0m[0m port        = 80 [90m-> null[0m[0m
TestEndToEndDeploymentScenario 2023-10-15T18:17:29+03:00 logger.go:66:           [31m-[0m[0m protocol    = "tcp" [90m-> null[0m[0m
TestEndToEndDeploymentScenario 2023-10-15T18:17:29+03:00 logger.go:66:           [31m-[0m[0m target_port = 80 [90m-> null[0m[0m
TestEndToEndDeploymentScenario 2023-10-15T18:17:29+03:00 logger.go:66: 
TestEndToEndDeploymentScenario 2023-10-15T18:17:29+03:00 logger.go:66:           [31m-[0m[0m external_address_spec {
TestEndToEndDeploymentScenario 2023-10-15T18:17:29+03:00 logger.go:66:               [31m-[0m[0m address    = "62.84.123.149" [90m-> null[0m[0m
TestEndToEndDeploymentScenario 2023-10-15T18:17:29+03:00 logger.go:66:               [31m-[0m[0m ip_version = "ipv4" [90m-> null[0m[0m
TestEndToEndDeploymentScenario 2023-10-15T18:17:29+03:00 logger.go:66:             }
TestEndToEndDeploymentScenario 2023-10-15T18:17:29+03:00 logger.go:66:         }
TestEndToEndDeploymentScenario 2023-10-15T18:17:29+03:00 logger.go:66:     }
TestEndToEndDeploymentScenario 2023-10-15T18:17:29+03:00 logger.go:66: 
TestEndToEndDeploymentScenario 2023-10-15T18:17:29+03:00 logger.go:66: [1m  # yandex_lb_target_group.wp_tg[0m will be [1m[31mdestroyed[0m
TestEndToEndDeploymentScenario 2023-10-15T18:17:29+03:00 logger.go:66: [0m  [31m-[0m[0m resource "yandex_lb_target_group" "wp_tg" {
TestEndToEndDeploymentScenario 2023-10-15T18:17:29+03:00 logger.go:66:       [31m-[0m[0m created_at = "2023-10-15T15:11:25Z" [90m-> null[0m[0m
TestEndToEndDeploymentScenario 2023-10-15T18:17:29+03:00 logger.go:66:       [31m-[0m[0m folder_id  = "b1geb6a2k7nj5robi0h6" [90m-> null[0m[0m
TestEndToEndDeploymentScenario 2023-10-15T18:17:29+03:00 logger.go:66:       [31m-[0m[0m id         = "enp7oqornf34726mlfhs" [90m-> null[0m[0m
TestEndToEndDeploymentScenario 2023-10-15T18:17:29+03:00 logger.go:66:       [31m-[0m[0m labels     = {} [90m-> null[0m[0m
TestEndToEndDeploymentScenario 2023-10-15T18:17:29+03:00 logger.go:66:       [31m-[0m[0m name       = "wp-target-group" [90m-> null[0m[0m
TestEndToEndDeploymentScenario 2023-10-15T18:17:29+03:00 logger.go:66:       [31m-[0m[0m region_id  = "ru-central1" [90m-> null[0m[0m
TestEndToEndDeploymentScenario 2023-10-15T18:17:29+03:00 logger.go:66: 
TestEndToEndDeploymentScenario 2023-10-15T18:17:29+03:00 logger.go:66:       [31m-[0m[0m target {
TestEndToEndDeploymentScenario 2023-10-15T18:17:29+03:00 logger.go:66:           [31m-[0m[0m address   = "10.2.0.18" [90m-> null[0m[0m
TestEndToEndDeploymentScenario 2023-10-15T18:17:29+03:00 logger.go:66:           [31m-[0m[0m subnet_id = "e9bmlc747km0jtr9eo8o" [90m-> null[0m[0m
TestEndToEndDeploymentScenario 2023-10-15T18:17:29+03:00 logger.go:66:         }
TestEndToEndDeploymentScenario 2023-10-15T18:17:29+03:00 logger.go:66:       [31m-[0m[0m target {
TestEndToEndDeploymentScenario 2023-10-15T18:17:29+03:00 logger.go:66:           [31m-[0m[0m address   = "10.3.0.20" [90m-> null[0m[0m
TestEndToEndDeploymentScenario 2023-10-15T18:17:29+03:00 logger.go:66:           [31m-[0m[0m subnet_id = "e2lgbg2vtvboqpuk7cmo" [90m-> null[0m[0m
TestEndToEndDeploymentScenario 2023-10-15T18:17:29+03:00 logger.go:66:         }
TestEndToEndDeploymentScenario 2023-10-15T18:17:29+03:00 logger.go:66:     }
TestEndToEndDeploymentScenario 2023-10-15T18:17:29+03:00 logger.go:66: 
TestEndToEndDeploymentScenario 2023-10-15T18:17:29+03:00 logger.go:66: [1m  # yandex_mdb_mysql_cluster.wp_mysql[0m will be [1m[31mdestroyed[0m
TestEndToEndDeploymentScenario 2023-10-15T18:17:29+03:00 logger.go:66: [0m  [31m-[0m[0m resource "yandex_mdb_mysql_cluster" "wp_mysql" {
TestEndToEndDeploymentScenario 2023-10-15T18:17:29+03:00 logger.go:66:       [31m-[0m[0m allow_regeneration_host   = false [90m-> null[0m[0m
TestEndToEndDeploymentScenario 2023-10-15T18:17:29+03:00 logger.go:66:       [31m-[0m[0m backup_retain_period_days = 7 [90m-> null[0m[0m
TestEndToEndDeploymentScenario 2023-10-15T18:17:29+03:00 logger.go:66:       [31m-[0m[0m created_at                = "2023-10-15T15:10:37Z" [90m-> null[0m[0m
TestEndToEndDeploymentScenario 2023-10-15T18:17:29+03:00 logger.go:66:       [31m-[0m[0m deletion_protection       = false [90m-> null[0m[0m
TestEndToEndDeploymentScenario 2023-10-15T18:17:29+03:00 logger.go:66:       [31m-[0m[0m environment               = "PRODUCTION" [90m-> null[0m[0m
TestEndToEndDeploymentScenario 2023-10-15T18:17:29+03:00 logger.go:66:       [31m-[0m[0m folder_id                 = "b1geb6a2k7nj5robi0h6" [90m-> null[0m[0m
TestEndToEndDeploymentScenario 2023-10-15T18:17:29+03:00 logger.go:66:       [31m-[0m[0m health                    = "HEALTH_UNKNOWN" [90m-> null[0m[0m
TestEndToEndDeploymentScenario 2023-10-15T18:17:29+03:00 logger.go:66:       [31m-[0m[0m host_group_ids            = [] [90m-> null[0m[0m
TestEndToEndDeploymentScenario 2023-10-15T18:17:29+03:00 logger.go:66:       [31m-[0m[0m id                        = "c9qu43te4bnv1mnnrr98" [90m-> null[0m[0m
TestEndToEndDeploymentScenario 2023-10-15T18:17:29+03:00 logger.go:66:       [31m-[0m[0m labels                    = {} [90m-> null[0m[0m
TestEndToEndDeploymentScenario 2023-10-15T18:17:29+03:00 logger.go:66:       [31m-[0m[0m mysql_config              = {
TestEndToEndDeploymentScenario 2023-10-15T18:17:29+03:00 logger.go:66:           [31m-[0m[0m "binlog_transaction_dependency_tracking" = "0"
TestEndToEndDeploymentScenario 2023-10-15T18:17:29+03:00 logger.go:66:           [31m-[0m[0m "log_slow_rate_type"                     = "0"
TestEndToEndDeploymentScenario 2023-10-15T18:17:29+03:00 logger.go:66:           [31m-[0m[0m "sql_mode"                               = "ONLY_FULL_GROUP_BY,STRICT_TRANS_TABLES,NO_ZERO_IN_DATE,NO_ZERO_DATE,ERROR_FOR_DIVISION_BY_ZERO,NO_ENGINE_SUBSTITUTION"
TestEndToEndDeploymentScenario 2023-10-15T18:17:29+03:00 logger.go:66:         } [90m-> null[0m[0m
TestEndToEndDeploymentScenario 2023-10-15T18:17:29+03:00 logger.go:66:       [31m-[0m[0m name                      = "wp-mysql" [90m-> null[0m[0m
TestEndToEndDeploymentScenario 2023-10-15T18:17:29+03:00 logger.go:66:       [31m-[0m[0m network_id                = "enp31st0s9252v5dqgi7" [90m-> null[0m[0m
TestEndToEndDeploymentScenario 2023-10-15T18:17:29+03:00 logger.go:66:       [31m-[0m[0m security_group_ids        = [] [90m-> null[0m[0m
TestEndToEndDeploymentScenario 2023-10-15T18:17:29+03:00 logger.go:66:       [31m-[0m[0m status                    = "RUNNING" [90m-> null[0m[0m
TestEndToEndDeploymentScenario 2023-10-15T18:17:29+03:00 logger.go:66:       [31m-[0m[0m version                   = "8.0" [90m-> null[0m[0m
TestEndToEndDeploymentScenario 2023-10-15T18:17:29+03:00 logger.go:66: 
TestEndToEndDeploymentScenario 2023-10-15T18:17:29+03:00 logger.go:66:       [31m-[0m[0m access {
TestEndToEndDeploymentScenario 2023-10-15T18:17:29+03:00 logger.go:66:           [31m-[0m[0m data_lens     = false [90m-> null[0m[0m
TestEndToEndDeploymentScenario 2023-10-15T18:17:29+03:00 logger.go:66:           [31m-[0m[0m data_transfer = false [90m-> null[0m[0m
TestEndToEndDeploymentScenario 2023-10-15T18:17:29+03:00 logger.go:66:           [31m-[0m[0m web_sql       = false [90m-> null[0m[0m
TestEndToEndDeploymentScenario 2023-10-15T18:17:29+03:00 logger.go:66:         }
TestEndToEndDeploymentScenario 2023-10-15T18:17:29+03:00 logger.go:66: 
TestEndToEndDeploymentScenario 2023-10-15T18:17:29+03:00 logger.go:66:       [31m-[0m[0m backup_window_start {
TestEndToEndDeploymentScenario 2023-10-15T18:17:29+03:00 logger.go:66:           [31m-[0m[0m hours   = 0 [90m-> null[0m[0m
TestEndToEndDeploymentScenario 2023-10-15T18:17:29+03:00 logger.go:66:           [31m-[0m[0m minutes = 0 [90m-> null[0m[0m
TestEndToEndDeploymentScenario 2023-10-15T18:17:29+03:00 logger.go:66:         }
TestEndToEndDeploymentScenario 2023-10-15T18:17:29+03:00 logger.go:66: 
TestEndToEndDeploymentScenario 2023-10-15T18:17:29+03:00 logger.go:66:       [31m-[0m[0m database {
TestEndToEndDeploymentScenario 2023-10-15T18:17:29+03:00 logger.go:66:           [31m-[0m[0m name = "db" [90m-> null[0m[0m
TestEndToEndDeploymentScenario 2023-10-15T18:17:29+03:00 logger.go:66:         }
TestEndToEndDeploymentScenario 2023-10-15T18:17:29+03:00 logger.go:66: 
TestEndToEndDeploymentScenario 2023-10-15T18:17:29+03:00 logger.go:66:       [31m-[0m[0m host {
TestEndToEndDeploymentScenario 2023-10-15T18:17:29+03:00 logger.go:66:           [31m-[0m[0m assign_public_ip = true [90m-> null[0m[0m
TestEndToEndDeploymentScenario 2023-10-15T18:17:29+03:00 logger.go:66:           [31m-[0m[0m backup_priority  = 0 [90m-> null[0m[0m
TestEndToEndDeploymentScenario 2023-10-15T18:17:29+03:00 logger.go:66:           [31m-[0m[0m fqdn             = "rc1b-sixkfll2kk12epb6.mdb.yandexcloud.net" [90m-> null[0m[0m
TestEndToEndDeploymentScenario 2023-10-15T18:17:29+03:00 logger.go:66:           [31m-[0m[0m priority         = 0 [90m-> null[0m[0m
TestEndToEndDeploymentScenario 2023-10-15T18:17:29+03:00 logger.go:66:           [31m-[0m[0m subnet_id        = "e2lgbg2vtvboqpuk7cmo" [90m-> null[0m[0m
TestEndToEndDeploymentScenario 2023-10-15T18:17:29+03:00 logger.go:66:           [31m-[0m[0m zone             = "ru-central1-b" [90m-> null[0m[0m
TestEndToEndDeploymentScenario 2023-10-15T18:17:29+03:00 logger.go:66:         }
TestEndToEndDeploymentScenario 2023-10-15T18:17:29+03:00 logger.go:66:       [31m-[0m[0m host {
TestEndToEndDeploymentScenario 2023-10-15T18:17:29+03:00 logger.go:66:           [31m-[0m[0m assign_public_ip = true [90m-> null[0m[0m
TestEndToEndDeploymentScenario 2023-10-15T18:17:29+03:00 logger.go:66:           [31m-[0m[0m backup_priority  = 0 [90m-> null[0m[0m
TestEndToEndDeploymentScenario 2023-10-15T18:17:29+03:00 logger.go:66:           [31m-[0m[0m fqdn             = "rc1c-p4utfrx1yaitqmma.mdb.yandexcloud.net" [90m-> null[0m[0m
TestEndToEndDeploymentScenario 2023-10-15T18:17:29+03:00 logger.go:66:           [31m-[0m[0m priority         = 0 [90m-> null[0m[0m
TestEndToEndDeploymentScenario 2023-10-15T18:17:29+03:00 logger.go:66:           [31m-[0m[0m subnet_id        = "b0ckastcvihhivn3vnsl" [90m-> null[0m[0m
TestEndToEndDeploymentScenario 2023-10-15T18:17:29+03:00 logger.go:66:           [31m-[0m[0m zone             = "ru-central1-c" [90m-> null[0m[0m
TestEndToEndDeploymentScenario 2023-10-15T18:17:29+03:00 logger.go:66:         }
TestEndToEndDeploymentScenario 2023-10-15T18:17:29+03:00 logger.go:66: 
TestEndToEndDeploymentScenario 2023-10-15T18:17:29+03:00 logger.go:66:       [31m-[0m[0m maintenance_window {
TestEndToEndDeploymentScenario 2023-10-15T18:17:29+03:00 logger.go:66:           [31m-[0m[0m hour = 0 [90m-> null[0m[0m
TestEndToEndDeploymentScenario 2023-10-15T18:17:29+03:00 logger.go:66:           [31m-[0m[0m type = "ANYTIME" [90m-> null[0m[0m
TestEndToEndDeploymentScenario 2023-10-15T18:17:29+03:00 logger.go:66:         }
TestEndToEndDeploymentScenario 2023-10-15T18:17:29+03:00 logger.go:66: 
TestEndToEndDeploymentScenario 2023-10-15T18:17:29+03:00 logger.go:66:       [31m-[0m[0m performance_diagnostics {
TestEndToEndDeploymentScenario 2023-10-15T18:17:29+03:00 logger.go:66:           [31m-[0m[0m enabled                      = false [90m-> null[0m[0m
TestEndToEndDeploymentScenario 2023-10-15T18:17:29+03:00 logger.go:66:           [31m-[0m[0m sessions_sampling_interval   = 60 [90m-> null[0m[0m
TestEndToEndDeploymentScenario 2023-10-15T18:17:29+03:00 logger.go:66:           [31m-[0m[0m statements_sampling_interval = 600 [90m-> null[0m[0m
TestEndToEndDeploymentScenario 2023-10-15T18:17:29+03:00 logger.go:66:         }
TestEndToEndDeploymentScenario 2023-10-15T18:17:29+03:00 logger.go:66: 
TestEndToEndDeploymentScenario 2023-10-15T18:17:29+03:00 logger.go:66:       [31m-[0m[0m resources {
TestEndToEndDeploymentScenario 2023-10-15T18:17:29+03:00 logger.go:66:           [31m-[0m[0m disk_size          = 16 [90m-> null[0m[0m
TestEndToEndDeploymentScenario 2023-10-15T18:17:29+03:00 logger.go:66:           [31m-[0m[0m disk_type_id       = "network-ssd" [90m-> null[0m[0m
TestEndToEndDeploymentScenario 2023-10-15T18:17:29+03:00 logger.go:66:           [31m-[0m[0m resource_preset_id = "s2.micro" [90m-> null[0m[0m
TestEndToEndDeploymentScenario 2023-10-15T18:17:29+03:00 logger.go:66:         }
TestEndToEndDeploymentScenario 2023-10-15T18:17:29+03:00 logger.go:66: 
TestEndToEndDeploymentScenario 2023-10-15T18:17:29+03:00 logger.go:66:       [31m-[0m[0m user {
TestEndToEndDeploymentScenario 2023-10-15T18:17:29+03:00 logger.go:66:           [31m-[0m[0m authentication_plugin = "MYSQL_NATIVE_PASSWORD" [90m-> null[0m[0m
TestEndToEndDeploymentScenario 2023-10-15T18:17:29+03:00 logger.go:66:           [31m-[0m[0m global_permissions    = [] [90m-> null[0m[0m
TestEndToEndDeploymentScenario 2023-10-15T18:17:29+03:00 logger.go:66:           [31m-[0m[0m name                  = "user" [90m-> null[0m[0m
TestEndToEndDeploymentScenario 2023-10-15T18:17:29+03:00 logger.go:66:           [31m-[0m[0m password              = (sensitive value) [90m-> null[0m[0m
TestEndToEndDeploymentScenario 2023-10-15T18:17:29+03:00 logger.go:66: 
TestEndToEndDeploymentScenario 2023-10-15T18:17:29+03:00 logger.go:66:           [31m-[0m[0m permission {
TestEndToEndDeploymentScenario 2023-10-15T18:17:29+03:00 logger.go:66:               [31m-[0m[0m database_name = "db" [90m-> null[0m[0m
TestEndToEndDeploymentScenario 2023-10-15T18:17:29+03:00 logger.go:66:               [31m-[0m[0m roles         = [
TestEndToEndDeploymentScenario 2023-10-15T18:17:29+03:00 logger.go:66:                   [31m-[0m[0m "ALL",
TestEndToEndDeploymentScenario 2023-10-15T18:17:29+03:00 logger.go:66:                 ] [90m-> null[0m[0m
TestEndToEndDeploymentScenario 2023-10-15T18:17:29+03:00 logger.go:66:             }
TestEndToEndDeploymentScenario 2023-10-15T18:17:29+03:00 logger.go:66:         }
TestEndToEndDeploymentScenario 2023-10-15T18:17:29+03:00 logger.go:66:     }
TestEndToEndDeploymentScenario 2023-10-15T18:17:29+03:00 logger.go:66: 
TestEndToEndDeploymentScenario 2023-10-15T18:17:29+03:00 logger.go:66: [1m  # yandex_vpc_network.wp-network[0m will be [1m[31mdestroyed[0m
TestEndToEndDeploymentScenario 2023-10-15T18:17:29+03:00 logger.go:66: [0m  [31m-[0m[0m resource "yandex_vpc_network" "wp-network" {
TestEndToEndDeploymentScenario 2023-10-15T18:17:29+03:00 logger.go:66:       [31m-[0m[0m created_at                = "2023-10-15T15:10:34Z" [90m-> null[0m[0m
TestEndToEndDeploymentScenario 2023-10-15T18:17:29+03:00 logger.go:66:       [31m-[0m[0m default_security_group_id = "enpt0mcjakg6kbdpg9ih" [90m-> null[0m[0m
TestEndToEndDeploymentScenario 2023-10-15T18:17:29+03:00 logger.go:66:       [31m-[0m[0m folder_id                 = "b1geb6a2k7nj5robi0h6" [90m-> null[0m[0m
TestEndToEndDeploymentScenario 2023-10-15T18:17:29+03:00 logger.go:66:       [31m-[0m[0m id                        = "enp31st0s9252v5dqgi7" [90m-> null[0m[0m
TestEndToEndDeploymentScenario 2023-10-15T18:17:29+03:00 logger.go:66:       [31m-[0m[0m labels                    = {} [90m-> null[0m[0m
TestEndToEndDeploymentScenario 2023-10-15T18:17:29+03:00 logger.go:66:       [31m-[0m[0m name                      = "wp-network" [90m-> null[0m[0m
TestEndToEndDeploymentScenario 2023-10-15T18:17:29+03:00 logger.go:66:       [31m-[0m[0m subnet_ids                = [
TestEndToEndDeploymentScenario 2023-10-15T18:17:29+03:00 logger.go:66:           [31m-[0m[0m "b0ckastcvihhivn3vnsl",
TestEndToEndDeploymentScenario 2023-10-15T18:17:29+03:00 logger.go:66:           [31m-[0m[0m "e2lgbg2vtvboqpuk7cmo",
TestEndToEndDeploymentScenario 2023-10-15T18:17:29+03:00 logger.go:66:           [31m-[0m[0m "e9bmlc747km0jtr9eo8o",
TestEndToEndDeploymentScenario 2023-10-15T18:17:29+03:00 logger.go:66:         ] [90m-> null[0m[0m
TestEndToEndDeploymentScenario 2023-10-15T18:17:29+03:00 logger.go:66:     }
TestEndToEndDeploymentScenario 2023-10-15T18:17:29+03:00 logger.go:66: 
TestEndToEndDeploymentScenario 2023-10-15T18:17:29+03:00 logger.go:66: [1m  # yandex_vpc_subnet.wp-subnet-a[0m will be [1m[31mdestroyed[0m
TestEndToEndDeploymentScenario 2023-10-15T18:17:29+03:00 logger.go:66: [0m  [31m-[0m[0m resource "yandex_vpc_subnet" "wp-subnet-a" {
TestEndToEndDeploymentScenario 2023-10-15T18:17:29+03:00 logger.go:66:       [31m-[0m[0m created_at     = "2023-10-15T15:10:37Z" [90m-> null[0m[0m
TestEndToEndDeploymentScenario 2023-10-15T18:17:29+03:00 logger.go:66:       [31m-[0m[0m folder_id      = "b1geb6a2k7nj5robi0h6" [90m-> null[0m[0m
TestEndToEndDeploymentScenario 2023-10-15T18:17:29+03:00 logger.go:66:       [31m-[0m[0m id             = "e9bmlc747km0jtr9eo8o" [90m-> null[0m[0m
TestEndToEndDeploymentScenario 2023-10-15T18:17:29+03:00 logger.go:66:       [31m-[0m[0m labels         = {} [90m-> null[0m[0m
TestEndToEndDeploymentScenario 2023-10-15T18:17:29+03:00 logger.go:66:       [31m-[0m[0m name           = "wp-subnet-a" [90m-> null[0m[0m
TestEndToEndDeploymentScenario 2023-10-15T18:17:29+03:00 logger.go:66:       [31m-[0m[0m network_id     = "enp31st0s9252v5dqgi7" [90m-> null[0m[0m
TestEndToEndDeploymentScenario 2023-10-15T18:17:29+03:00 logger.go:66:       [31m-[0m[0m v4_cidr_blocks = [
TestEndToEndDeploymentScenario 2023-10-15T18:17:29+03:00 logger.go:66:           [31m-[0m[0m "10.2.0.0/16",
TestEndToEndDeploymentScenario 2023-10-15T18:17:29+03:00 logger.go:66:         ] [90m-> null[0m[0m
TestEndToEndDeploymentScenario 2023-10-15T18:17:29+03:00 logger.go:66:       [31m-[0m[0m v6_cidr_blocks = [] [90m-> null[0m[0m
TestEndToEndDeploymentScenario 2023-10-15T18:17:29+03:00 logger.go:66:       [31m-[0m[0m zone           = "ru-central1-a" [90m-> null[0m[0m
TestEndToEndDeploymentScenario 2023-10-15T18:17:29+03:00 logger.go:66:     }
TestEndToEndDeploymentScenario 2023-10-15T18:17:29+03:00 logger.go:66: 
TestEndToEndDeploymentScenario 2023-10-15T18:17:29+03:00 logger.go:66: [1m  # yandex_vpc_subnet.wp-subnet-b[0m will be [1m[31mdestroyed[0m
TestEndToEndDeploymentScenario 2023-10-15T18:17:29+03:00 logger.go:66: [0m  [31m-[0m[0m resource "yandex_vpc_subnet" "wp-subnet-b" {
TestEndToEndDeploymentScenario 2023-10-15T18:17:29+03:00 logger.go:66:       [31m-[0m[0m created_at     = "2023-10-15T15:10:36Z" [90m-> null[0m[0m
TestEndToEndDeploymentScenario 2023-10-15T18:17:29+03:00 logger.go:66:       [31m-[0m[0m folder_id      = "b1geb6a2k7nj5robi0h6" [90m-> null[0m[0m
TestEndToEndDeploymentScenario 2023-10-15T18:17:29+03:00 logger.go:66:       [31m-[0m[0m id             = "e2lgbg2vtvboqpuk7cmo" [90m-> null[0m[0m
TestEndToEndDeploymentScenario 2023-10-15T18:17:29+03:00 logger.go:66:       [31m-[0m[0m labels         = {} [90m-> null[0m[0m
TestEndToEndDeploymentScenario 2023-10-15T18:17:29+03:00 logger.go:66:       [31m-[0m[0m name           = "wp-subnet-b" [90m-> null[0m[0m
TestEndToEndDeploymentScenario 2023-10-15T18:17:29+03:00 logger.go:66:       [31m-[0m[0m network_id     = "enp31st0s9252v5dqgi7" [90m-> null[0m[0m
TestEndToEndDeploymentScenario 2023-10-15T18:17:29+03:00 logger.go:66:       [31m-[0m[0m v4_cidr_blocks = [
TestEndToEndDeploymentScenario 2023-10-15T18:17:29+03:00 logger.go:66:           [31m-[0m[0m "10.3.0.0/16",
TestEndToEndDeploymentScenario 2023-10-15T18:17:29+03:00 logger.go:66:         ] [90m-> null[0m[0m
TestEndToEndDeploymentScenario 2023-10-15T18:17:29+03:00 logger.go:66:       [31m-[0m[0m v6_cidr_blocks = [] [90m-> null[0m[0m
TestEndToEndDeploymentScenario 2023-10-15T18:17:29+03:00 logger.go:66:       [31m-[0m[0m zone           = "ru-central1-b" [90m-> null[0m[0m
TestEndToEndDeploymentScenario 2023-10-15T18:17:29+03:00 logger.go:66:     }
TestEndToEndDeploymentScenario 2023-10-15T18:17:29+03:00 logger.go:66: 
TestEndToEndDeploymentScenario 2023-10-15T18:17:29+03:00 logger.go:66: [1m  # yandex_vpc_subnet.wp-subnet-c[0m will be [1m[31mdestroyed[0m
TestEndToEndDeploymentScenario 2023-10-15T18:17:29+03:00 logger.go:66: [0m  [31m-[0m[0m resource "yandex_vpc_subnet" "wp-subnet-c" {
TestEndToEndDeploymentScenario 2023-10-15T18:17:29+03:00 logger.go:66:       [31m-[0m[0m created_at     = "2023-10-15T15:10:36Z" [90m-> null[0m[0m
TestEndToEndDeploymentScenario 2023-10-15T18:17:29+03:00 logger.go:66:       [31m-[0m[0m folder_id      = "b1geb6a2k7nj5robi0h6" [90m-> null[0m[0m
TestEndToEndDeploymentScenario 2023-10-15T18:17:29+03:00 logger.go:66:       [31m-[0m[0m id             = "b0ckastcvihhivn3vnsl" [90m-> null[0m[0m
TestEndToEndDeploymentScenario 2023-10-15T18:17:29+03:00 logger.go:66:       [31m-[0m[0m labels         = {} [90m-> null[0m[0m
TestEndToEndDeploymentScenario 2023-10-15T18:17:29+03:00 logger.go:66:       [31m-[0m[0m name           = "wp-subnet-c" [90m-> null[0m[0m
TestEndToEndDeploymentScenario 2023-10-15T18:17:29+03:00 logger.go:66:       [31m-[0m[0m network_id     = "enp31st0s9252v5dqgi7" [90m-> null[0m[0m
TestEndToEndDeploymentScenario 2023-10-15T18:17:29+03:00 logger.go:66:       [31m-[0m[0m v4_cidr_blocks = [
TestEndToEndDeploymentScenario 2023-10-15T18:17:29+03:00 logger.go:66:           [31m-[0m[0m "10.4.0.0/16",
TestEndToEndDeploymentScenario 2023-10-15T18:17:29+03:00 logger.go:66:         ] [90m-> null[0m[0m
TestEndToEndDeploymentScenario 2023-10-15T18:17:29+03:00 logger.go:66:       [31m-[0m[0m v6_cidr_blocks = [] [90m-> null[0m[0m
TestEndToEndDeploymentScenario 2023-10-15T18:17:29+03:00 logger.go:66:       [31m-[0m[0m zone           = "ru-central1-c" [90m-> null[0m[0m
TestEndToEndDeploymentScenario 2023-10-15T18:17:29+03:00 logger.go:66:     }
TestEndToEndDeploymentScenario 2023-10-15T18:17:29+03:00 logger.go:66: 
TestEndToEndDeploymentScenario 2023-10-15T18:17:29+03:00 logger.go:66: [1mPlan:[0m 0 to add, 0 to change, 9 to destroy.
TestEndToEndDeploymentScenario 2023-10-15T18:17:29+03:00 logger.go:66: [0m
TestEndToEndDeploymentScenario 2023-10-15T18:17:29+03:00 logger.go:66: Changes to Outputs:
TestEndToEndDeploymentScenario 2023-10-15T18:17:29+03:00 logger.go:66:   [31m-[0m[0m database_host_fqdn1        = [
TestEndToEndDeploymentScenario 2023-10-15T18:17:29+03:00 logger.go:66:       [31m-[0m[0m "rc1b-sixkfll2kk12epb6.mdb.yandexcloud.net",
TestEndToEndDeploymentScenario 2023-10-15T18:17:29+03:00 logger.go:66:       [31m-[0m[0m "rc1c-p4utfrx1yaitqmma.mdb.yandexcloud.net",
TestEndToEndDeploymentScenario 2023-10-15T18:17:29+03:00 logger.go:66:     ] [90m-> null[0m[0m
TestEndToEndDeploymentScenario 2023-10-15T18:17:29+03:00 logger.go:66:   [31m-[0m[0m load_balancer_public_ip    = "62.84.123.149" [90m-> null[0m[0m
TestEndToEndDeploymentScenario 2023-10-15T18:17:29+03:00 logger.go:66:   [31m-[0m[0m vm_linux_public_ip_address = "158.160.50.5" [90m-> null[0m[0m
TestEndToEndDeploymentScenario 2023-10-15T18:17:30+03:00 logger.go:66: [0m[1myandex_lb_network_load_balancer.wp_lb: Destroying... [id=enpotk8hiaaf6nulb7af][0m[0m
TestEndToEndDeploymentScenario 2023-10-15T18:17:30+03:00 logger.go:66: [0m[1myandex_mdb_mysql_cluster.wp_mysql: Destroying... [id=c9qu43te4bnv1mnnrr98][0m[0m
TestEndToEndDeploymentScenario 2023-10-15T18:17:33+03:00 logger.go:66: [0m[1myandex_lb_network_load_balancer.wp_lb: Destruction complete after 3s[0m
TestEndToEndDeploymentScenario 2023-10-15T18:17:33+03:00 logger.go:66: [0m[1myandex_lb_target_group.wp_tg: Destroying... [id=enp7oqornf34726mlfhs][0m[0m
TestEndToEndDeploymentScenario 2023-10-15T18:17:34+03:00 logger.go:66: [0m[1myandex_lb_target_group.wp_tg: Destruction complete after 2s[0m
TestEndToEndDeploymentScenario 2023-10-15T18:17:34+03:00 logger.go:66: [0m[1myandex_compute_instance.wp-app-1: Destroying... [id=fhm8lfg34b33n1km7rvp][0m[0m
TestEndToEndDeploymentScenario 2023-10-15T18:17:34+03:00 logger.go:66: [0m[1myandex_compute_instance.wp-app-2: Destroying... [id=epd9vk7e4cpfcnbur46l][0m[0m
TestEndToEndDeploymentScenario 2023-10-15T18:17:40+03:00 logger.go:66: [0m[1myandex_mdb_mysql_cluster.wp_mysql: Still destroying... [id=c9qu43te4bnv1mnnrr98, 10s elapsed][0m[0m
TestEndToEndDeploymentScenario 2023-10-15T18:17:44+03:00 logger.go:66: [0m[1myandex_compute_instance.wp-app-2: Still destroying... [id=epd9vk7e4cpfcnbur46l, 10s elapsed][0m[0m
TestEndToEndDeploymentScenario 2023-10-15T18:17:44+03:00 logger.go:66: [0m[1myandex_compute_instance.wp-app-1: Still destroying... [id=fhm8lfg34b33n1km7rvp, 10s elapsed][0m[0m
TestEndToEndDeploymentScenario 2023-10-15T18:17:50+03:00 logger.go:66: [0m[1myandex_mdb_mysql_cluster.wp_mysql: Still destroying... [id=c9qu43te4bnv1mnnrr98, 20s elapsed][0m[0m
TestEndToEndDeploymentScenario 2023-10-15T18:17:54+03:00 logger.go:66: [0m[1myandex_compute_instance.wp-app-1: Still destroying... [id=fhm8lfg34b33n1km7rvp, 20s elapsed][0m[0m
TestEndToEndDeploymentScenario 2023-10-15T18:17:54+03:00 logger.go:66: [0m[1myandex_compute_instance.wp-app-2: Still destroying... [id=epd9vk7e4cpfcnbur46l, 20s elapsed][0m[0m
TestEndToEndDeploymentScenario 2023-10-15T18:18:00+03:00 logger.go:66: [0m[1myandex_mdb_mysql_cluster.wp_mysql: Still destroying... [id=c9qu43te4bnv1mnnrr98, 30s elapsed][0m[0m
TestEndToEndDeploymentScenario 2023-10-15T18:18:04+03:00 logger.go:66: [0m[1myandex_compute_instance.wp-app-1: Still destroying... [id=fhm8lfg34b33n1km7rvp, 30s elapsed][0m[0m
TestEndToEndDeploymentScenario 2023-10-15T18:18:04+03:00 logger.go:66: [0m[1myandex_compute_instance.wp-app-2: Still destroying... [id=epd9vk7e4cpfcnbur46l, 30s elapsed][0m[0m
TestEndToEndDeploymentScenario 2023-10-15T18:18:10+03:00 logger.go:66: [0m[1myandex_mdb_mysql_cluster.wp_mysql: Still destroying... [id=c9qu43te4bnv1mnnrr98, 40s elapsed][0m[0m
TestEndToEndDeploymentScenario 2023-10-15T18:18:14+03:00 logger.go:66: [0m[1myandex_compute_instance.wp-app-1: Destruction complete after 40s[0m
TestEndToEndDeploymentScenario 2023-10-15T18:18:14+03:00 logger.go:66: [0m[1myandex_vpc_subnet.wp-subnet-a: Destroying... [id=e9bmlc747km0jtr9eo8o][0m[0m
TestEndToEndDeploymentScenario 2023-10-15T18:18:14+03:00 logger.go:66: [0m[1myandex_compute_instance.wp-app-2: Still destroying... [id=epd9vk7e4cpfcnbur46l, 40s elapsed][0m[0m
TestEndToEndDeploymentScenario 2023-10-15T18:18:17+03:00 logger.go:66: [0m[1myandex_vpc_subnet.wp-subnet-a: Destruction complete after 2s[0m
TestEndToEndDeploymentScenario 2023-10-15T18:18:19+03:00 logger.go:66: [0m[1myandex_compute_instance.wp-app-2: Destruction complete after 45s[0m
TestEndToEndDeploymentScenario 2023-10-15T18:18:20+03:00 logger.go:66: [0m[1myandex_mdb_mysql_cluster.wp_mysql: Still destroying... [id=c9qu43te4bnv1mnnrr98, 50s elapsed][0m[0m
TestEndToEndDeploymentScenario 2023-10-15T18:18:30+03:00 logger.go:66: [0m[1myandex_mdb_mysql_cluster.wp_mysql: Still destroying... [id=c9qu43te4bnv1mnnrr98, 1m0s elapsed][0m[0m
TestEndToEndDeploymentScenario 2023-10-15T18:18:40+03:00 logger.go:66: [0m[1myandex_mdb_mysql_cluster.wp_mysql: Still destroying... [id=c9qu43te4bnv1mnnrr98, 1m10s elapsed][0m[0m
TestEndToEndDeploymentScenario 2023-10-15T18:18:50+03:00 logger.go:66: [0m[1myandex_mdb_mysql_cluster.wp_mysql: Still destroying... [id=c9qu43te4bnv1mnnrr98, 1m20s elapsed][0m[0m
TestEndToEndDeploymentScenario 2023-10-15T18:19:00+03:00 logger.go:66: [0m[1myandex_mdb_mysql_cluster.wp_mysql: Still destroying... [id=c9qu43te4bnv1mnnrr98, 1m30s elapsed][0m[0m
TestEndToEndDeploymentScenario 2023-10-15T18:19:10+03:00 logger.go:66: [0m[1myandex_mdb_mysql_cluster.wp_mysql: Still destroying... [id=c9qu43te4bnv1mnnrr98, 1m40s elapsed][0m[0m
TestEndToEndDeploymentScenario 2023-10-15T18:19:20+03:00 logger.go:66: [0m[1myandex_mdb_mysql_cluster.wp_mysql: Still destroying... [id=c9qu43te4bnv1mnnrr98, 1m50s elapsed][0m[0m
TestEndToEndDeploymentScenario 2023-10-15T18:19:29+03:00 logger.go:66: [0m[1myandex_mdb_mysql_cluster.wp_mysql: Destruction complete after 1m59s[0m
TestEndToEndDeploymentScenario 2023-10-15T18:19:29+03:00 logger.go:66: [0m[1myandex_vpc_subnet.wp-subnet-c: Destroying... [id=b0ckastcvihhivn3vnsl][0m[0m
TestEndToEndDeploymentScenario 2023-10-15T18:19:29+03:00 logger.go:66: [0m[1myandex_vpc_subnet.wp-subnet-b: Destroying... [id=e2lgbg2vtvboqpuk7cmo][0m[0m
TestEndToEndDeploymentScenario 2023-10-15T18:19:31+03:00 logger.go:66: [0m[1myandex_vpc_subnet.wp-subnet-b: Destruction complete after 3s[0m
TestEndToEndDeploymentScenario 2023-10-15T18:19:35+03:00 logger.go:66: [0m[1myandex_vpc_subnet.wp-subnet-c: Destruction complete after 6s[0m
TestEndToEndDeploymentScenario 2023-10-15T18:19:35+03:00 logger.go:66: [0m[1myandex_vpc_network.wp-network: Destroying... [id=enp31st0s9252v5dqgi7][0m[0m
TestEndToEndDeploymentScenario 2023-10-15T18:19:35+03:00 logger.go:66: [0m[1myandex_vpc_network.wp-network: Destruction complete after 1s[0m
TestEndToEndDeploymentScenario 2023-10-15T18:19:35+03:00 logger.go:66: [33m╷[0m[0m
TestEndToEndDeploymentScenario 2023-10-15T18:19:35+03:00 logger.go:66: [33m│[0m [0m[1m[33mWarning: [0m[0m[1mArgument is deprecated[0m
TestEndToEndDeploymentScenario 2023-10-15T18:19:35+03:00 logger.go:66: [33m│[0m [0m
TestEndToEndDeploymentScenario 2023-10-15T18:19:35+03:00 logger.go:66: [33m│[0m [0m[0m  with yandex_mdb_mysql_cluster.wp_mysql,
TestEndToEndDeploymentScenario 2023-10-15T18:19:35+03:00 logger.go:66: [33m│[0m [0m  on db.tf line 8, in resource "yandex_mdb_mysql_cluster" "wp_mysql":
TestEndToEndDeploymentScenario 2023-10-15T18:19:35+03:00 logger.go:66: [33m│[0m [0m   8: resource "yandex_mdb_mysql_cluster" "wp_mysql" [4m{[0m[0m
TestEndToEndDeploymentScenario 2023-10-15T18:19:35+03:00 logger.go:66: [33m│[0m [0m
TestEndToEndDeploymentScenario 2023-10-15T18:19:35+03:00 logger.go:66: [33m│[0m [0mto manage databases, please switch to using a separate resource type
TestEndToEndDeploymentScenario 2023-10-15T18:19:35+03:00 logger.go:66: [33m│[0m [0myandex_mdb_mysql_database
TestEndToEndDeploymentScenario 2023-10-15T18:19:35+03:00 logger.go:66: [33m╵[0m[0m
TestEndToEndDeploymentScenario 2023-10-15T18:19:35+03:00 logger.go:66: [0m[1m[32m
TestEndToEndDeploymentScenario 2023-10-15T18:19:35+03:00 logger.go:66: Destroy complete! Resources: 9 destroyed.
TestEndToEndDeploymentScenario 2023-10-15T18:19:35+03:00 logger.go:66: [0m
--- PASS: TestEndToEndDeploymentScenario (546.41s)
PASS
ok  	test	546.983s
